Microsoft Visual Studio Solution File, Format Version 12.00
# Visual Studio Version 16
VisualStudioVersion = 16.0.29728.190
MinimumVisualStudioVersion = 15.0.26730.12
Project("{9A19103F-16F7-4668-BE54-9A1E7A4F7556}") = "ReceivingEndpoint", "ReceivingEndpoint\ReceivingEndpoint.csproj", "{6987F415-B4D5-4380-ADED-EED5AF170608}"
EndProject
Project("{9A19103F-16F7-4668-BE54-9A1E7A4F7556}") = "Shared", "Shared\Shared.csproj", "{3EA9BE7B-F1B7-4032-B970-6B4561EB793C}"
EndProject
Project("{9A19103F-16F7-4668-BE54-9A1E7A4F7556}") = "SignedSender", "SignedSender\SignedSender.csproj", "{1ED9499B-3DB0-4786-8AB5-3CFC1228FEFE}"
EndProject
Project("{9A19103F-16F7-4668-BE54-9A1E7A4F7556}") = "UnsignedSender", "UnsignedSender\UnsignedSender.csproj", "{5A8DDF65-D361-4526-8541-12D8463A88A0}"
EndProject
Global
	GlobalSection(SolutionConfigurationPlatforms) = preSolution
		Debug|Any CPU = Debug|Any CPU
	EndGlobalSection
	GlobalSection(ProjectConfigurationPlatforms) = postSolution
		{6987F415-B4D5-4380-ADED-EED5AF170608}.Debug|Any CPU.ActiveCfg = Debug|Any CPU
		{6987F415-B4D5-4380-ADED-EED5AF170608}.Debug|Any CPU.Build.0 = Debug|Any CPU
		{3EA9BE7B-F1B7-4032-B970-6B4561EB793C}.Debug|Any CPU.ActiveCfg = Debug|Any CPU
		{3EA9BE7B-F1B7-4032-B970-6B4561EB793C}.Debug|Any CPU.Build.0 = Debug|Any CPU
		{1ED9499B-3DB0-4786-8AB5-3CFC1228FEFE}.Debug|Any CPU.ActiveCfg = Debug|Any CPU
		{1ED9499B-3DB0-4786-8AB5-3CFC1228FEFE}.Debug|Any CPU.Build.0 = Debug|Any CPU
		{5A8DDF65-D361-4526-8541-12D8463A88A0}.Debug|Any CPU.ActiveCfg = Debug|Any CPU
		{5A8DDF65-D361-4526-8541-12D8463A88A0}.Debug|Any CPU.Build.0 = Debug|Any CPU
	EndGlobalSection
	GlobalSection(SolutionProperties) = preSolution
		HideSolutionNode = FALSE
	EndGlobalSection
	GlobalSection(ExtensibilityGlobals) = postSolution
		SolutionGuid = {0736BE90-6223-4114-9E3F-4F4ED91F524D}
	EndGlobalSection
EndGlobal
