Microsoft Visual Studio Solution File, Format Version 12.00
# Visual Studio Version 16
VisualStudioVersion = 16.0.29728.190
MinimumVisualStudioVersion = 15.0.26730.12
Project("{9A19103F-16F7-4668-BE54-9A1E7A4F7556}") = "Shared", "Shared\Shared.csproj", "{CC851B36-4817-41D8-99DE-39E80282BA63}"
EndProject
Project("{9A19103F-16F7-4668-BE54-9A1E7A4F7556}") = "Sender", "Sender\Sender.csproj", "{7081E12A-888F-4506-A435-970E50BA4C0B}"
EndProject
Project("{9A19103F-16F7-4668-BE54-9A1E7A4F7556}") = "Receiver", "Receiver\Receiver.csproj", "{22B1E205-B713-45C3-A041-62CCDDA9646B}"
EndProject
Global
	GlobalSection(SolutionConfigurationPlatforms) = preSolution
		Debug|Any CPU = Debug|Any CPU
	EndGlobalSection
	GlobalSection(ProjectConfigurationPlatforms) = postSolution
		{CC851B36-4817-41D8-99DE-39E80282BA63}.Debug|Any CPU.ActiveCfg = Debug|Any CPU
		{CC851B36-4817-41D8-99DE-39E80282BA63}.Debug|Any CPU.Build.0 = Debug|Any CPU
		{7081E12A-888F-4506-A435-970E50BA4C0B}.Debug|Any CPU.ActiveCfg = Debug|Any CPU
		{7081E12A-888F-4506-A435-970E50BA4C0B}.Debug|Any CPU.Build.0 = Debug|Any CPU
		{22B1E205-B713-45C3-A041-62CCDDA9646B}.Debug|Any CPU.ActiveCfg = Debug|Any CPU
		{22B1E205-B713-45C3-A041-62CCDDA9646B}.Debug|Any CPU.Build.0 = Debug|Any CPU
	EndGlobalSection
	GlobalSection(SolutionProperties) = preSolution
		HideSolutionNode = FALSE
	EndGlobalSection
	GlobalSection(ExtensibilityGlobals) = postSolution
		SolutionGuid = {6E692BB9-1D3D-4DA0-B777-DB9C754E7342}
	EndGlobalSection
EndGlobal
