Microsoft Visual Studio Solution File, Format Version 12.00
# Visual Studio 15
VisualStudioVersion = 15.0.26730.12
MinimumVisualStudioVersion = 15.0.26730.12
Project("{9A19103F-16F7-4668-BE54-9A1E7A4F7556}") = "Sample", "Sample\Sample.csproj", "{FAA2FC1D-4554-4AA7-8D5A-334DC8AB601C}"
EndProject
Project("{9A19103F-16F7-4668-BE54-9A1E7A4F7556}") = "3rdPartySystem", "3rdPartySystem\3rdPartySystem.csproj", "{6D5CB974-898B-4AD7-83FB-79C4477449FB}"
EndProject
Project("{9A19103F-16F7-4668-BE54-9A1E7A4F7556}") = "PlatformLauncher", "PlatformLauncher\PlatformLauncher.csproj", "{921801B7-71AD-4BA4-A48D-7CCF4E5A9F2D}"
EndProject
Global
	GlobalSection(SolutionConfigurationPlatforms) = preSolution
		Debug|Any CPU = Debug|Any CPU
	EndGlobalSection
	GlobalSection(ProjectConfigurationPlatforms) = postSolution
		{FAA2FC1D-4554-4AA7-8D5A-334DC8AB601C}.Debug|Any CPU.ActiveCfg = Debug|Any CPU
		{FAA2FC1D-4554-4AA7-8D5A-334DC8AB601C}.Debug|Any CPU.Build.0 = Debug|Any CPU
		{6D5CB974-898B-4AD7-83FB-79C4477449FB}.Debug|Any CPU.ActiveCfg = Debug|Any CPU
		{6D5CB974-898B-4AD7-83FB-79C4477449FB}.Debug|Any CPU.Build.0 = Debug|Any CPU
		{921801B7-71AD-4BA4-A48D-7CCF4E5A9F2D}.Debug|Any CPU.ActiveCfg = Debug|Any CPU
		{921801B7-71AD-4BA4-A48D-7CCF4E5A9F2D}.Debug|Any CPU.Build.0 = Debug|Any CPU
	EndGlobalSection
	GlobalSection(SolutionProperties) = preSolution
		HideSolutionNode = FALSE
	EndGlobalSection
	GlobalSection(ExtensibilityGlobals) = postSolution
		SolutionGuid = {5E01DC32-A6B7-4F67-8DA0-BE7538B3E5CC}
	EndGlobalSection
EndGlobal
