Microsoft Visual Studio Solution File, Format Version 12.00
# Visual Studio Version 16
VisualStudioVersion = 16.0.29728.190
MinimumVisualStudioVersion = 15.0.26730.12
Project("{9A19103F-16F7-4668-BE54-9A1E7A4F7556}") = "Shared", "Shared\Shared.csproj", "{162BEDCA-6C44-43B3-B2C1-83994BFFC094}"
EndProject
Project("{9A19103F-16F7-4668-BE54-9A1E7A4F7556}") = "Distributor", "Distributor\Distributor.csproj", "{312F45D2-6FB7-4212-BC0A-0D1B6C4B1E8E}"
EndProject
Project("{9A19103F-16F7-4668-BE54-9A1E7A4F7556}") = "Sender.V5", "Sender.V5\Sender.V5.csproj", "{F39CFA0C-1D1F-475E-9BFB-8FF42E758F2F}"
EndProject
Project("{9A19103F-16F7-4668-BE54-9A1E7A4F7556}") = "Worker.V5", "Worker.V5\Worker.V5.csproj", "{D4BAFF88-AEC0-4130-B0C4-F3E30D9352A3}"
EndProject
Project("{9A19103F-16F7-4668-BE54-9A1E7A4F7556}") = "CustomTimeoutManager", "CustomTimeoutManager\CustomTimeoutManager.csproj", "{C35A2599-D674-4804-977D-BDB18065B0C0}"
EndProject
Global
	GlobalSection(SolutionConfigurationPlatforms) = preSolution
		Debug|Any CPU = Debug|Any CPU
		Release|Any CPU = Release|Any CPU
	EndGlobalSection
	GlobalSection(ProjectConfigurationPlatforms) = postSolution
		{162BEDCA-6C44-43B3-B2C1-83994BFFC094}.Debug|Any CPU.ActiveCfg = Debug|Any CPU
		{162BEDCA-6C44-43B3-B2C1-83994BFFC094}.Debug|Any CPU.Build.0 = Debug|Any CPU
		{162BEDCA-6C44-43B3-B2C1-83994BFFC094}.Release|Any CPU.ActiveCfg = Release|Any CPU
		{162BEDCA-6C44-43B3-B2C1-83994BFFC094}.Release|Any CPU.Build.0 = Release|Any CPU
		{312F45D2-6FB7-4212-BC0A-0D1B6C4B1E8E}.Debug|Any CPU.ActiveCfg = Debug|Any CPU
		{312F45D2-6FB7-4212-BC0A-0D1B6C4B1E8E}.Debug|Any CPU.Build.0 = Debug|Any CPU
		{312F45D2-6FB7-4212-BC0A-0D1B6C4B1E8E}.Release|Any CPU.ActiveCfg = Release|Any CPU
		{312F45D2-6FB7-4212-BC0A-0D1B6C4B1E8E}.Release|Any CPU.Build.0 = Release|Any CPU
		{F39CFA0C-1D1F-475E-9BFB-8FF42E758F2F}.Debug|Any CPU.ActiveCfg = Debug|Any CPU
		{F39CFA0C-1D1F-475E-9BFB-8FF42E758F2F}.Debug|Any CPU.Build.0 = Debug|Any CPU
		{F39CFA0C-1D1F-475E-9BFB-8FF42E758F2F}.Release|Any CPU.ActiveCfg = Release|Any CPU
		{F39CFA0C-1D1F-475E-9BFB-8FF42E758F2F}.Release|Any CPU.Build.0 = Release|Any CPU
		{D4BAFF88-AEC0-4130-B0C4-F3E30D9352A3}.Debug|Any CPU.ActiveCfg = Debug|Any CPU
		{D4BAFF88-AEC0-4130-B0C4-F3E30D9352A3}.Debug|Any CPU.Build.0 = Debug|Any CPU
		{D4BAFF88-AEC0-4130-B0C4-F3E30D9352A3}.Release|Any CPU.ActiveCfg = Release|Any CPU
		{D4BAFF88-AEC0-4130-B0C4-F3E30D9352A3}.Release|Any CPU.Build.0 = Release|Any CPU
		{C35A2599-D674-4804-977D-BDB18065B0C0}.Debug|Any CPU.ActiveCfg = Debug|Any CPU
		{C35A2599-D674-4804-977D-BDB18065B0C0}.Debug|Any CPU.Build.0 = Debug|Any CPU
		{C35A2599-D674-4804-977D-BDB18065B0C0}.Release|Any CPU.ActiveCfg = Release|Any CPU
		{C35A2599-D674-4804-977D-BDB18065B0C0}.Release|Any CPU.Build.0 = Release|Any CPU
	EndGlobalSection
	GlobalSection(SolutionProperties) = preSolution
		HideSolutionNode = FALSE
	EndGlobalSection
	GlobalSection(ExtensibilityGlobals) = postSolution
		SolutionGuid = {18F1A97F-0E2A-41A6-AFDE-D2D1FD433A9C}
	EndGlobalSection
EndGlobal
