
Microsoft Visual Studio Solution File, Format Version 12.00
# Visual Studio 15
VisualStudioVersion = 15.0.27004.2006
MinimumVisualStudioVersion = 10.0.40219.1
Project("{9A19103F-16F7-4668-BE54-9A1E7A4F7556}") = "Endpoint", "Endpoint\Endpoint.csproj", "{4AE18951-271C-472F-9138-A6F3569D7581}"
EndProject
Project("{9A19103F-16F7-4668-BE54-9A1E7A4F7556}") = "Shared", "Shared\Shared.csproj", "{BCF2D1E0-87A5-46C1-8146-B04A818EEBCD}"
EndProject
Project("{FAE04EC0-301F-11D3-BF4B-00C04F79EFBC}") = "WebApplication", "WebApplication\WebApplication.csproj", "{341733F7-B071-4B33-B5CB-8BE316DB24B5}"
EndProject
Global
	GlobalSection(SolutionConfigurationPlatforms) = preSolution
		Debug|Any CPU = Debug|Any CPU
		Release|Any CPU = Release|Any CPU
	EndGlobalSection
	GlobalSection(ProjectConfigurationPlatforms) = postSolution
		{4AE18951-271C-472F-9138-A6F3569D7581}.Debug|Any CPU.ActiveCfg = Debug|Any CPU
		{4AE18951-271C-472F-9138-A6F3569D7581}.Debug|Any CPU.Build.0 = Debug|Any CPU
		{4AE18951-271C-472F-9138-A6F3569D7581}.Release|Any CPU.ActiveCfg = Release|Any CPU
		{4AE18951-271C-472F-9138-A6F3569D7581}.Release|Any CPU.Build.0 = Release|Any CPU
		{BCF2D1E0-87A5-46C1-8146-B04A818EEBCD}.Debug|Any CPU.ActiveCfg = Debug|Any CPU
		{BCF2D1E0-87A5-46C1-8146-B04A818EEBCD}.Debug|Any CPU.Build.0 = Debug|Any CPU
		{BCF2D1E0-87A5-46C1-8146-B04A818EEBCD}.Release|Any CPU.ActiveCfg = Release|Any CPU
		{BCF2D1E0-87A5-46C1-8146-B04A818EEBCD}.Release|Any CPU.Build.0 = Release|Any CPU
		{341733F7-B071-4B33-B5CB-8BE316DB24B5}.Debug|Any CPU.ActiveCfg = Debug|Any CPU
		{341733F7-B071-4B33-B5CB-8BE316DB24B5}.Debug|Any CPU.Build.0 = Debug|Any CPU
		{341733F7-B071-4B33-B5CB-8BE316DB24B5}.Release|Any CPU.ActiveCfg = Debug|Any CPU
		{341733F7-B071-4B33-B5CB-8BE316DB24B5}.Release|Any CPU.Build.0 = Debug|Any CPU
	EndGlobalSection
	GlobalSection(SolutionProperties) = preSolution
		HideSolutionNode = FALSE
	EndGlobalSection
	GlobalSection(ExtensibilityGlobals) = postSolution
		SolutionGuid = {42530F9B-AE9E-49BC-83B0-2B402075DF6B}
	EndGlobalSection
EndGlobal
