
Microsoft Visual Studio Solution File, Format Version 12.00
# Visual Studio 15
VisualStudioVersion = 15.0.26430.04
MinimumVisualStudioVersion = 15.0.26430.04
Project("{FAE04EC0-301F-11D3-BF4B-00C04F79EFBC}") = "Server", "Server\Server.csproj", "{963CD471-E882-45C4-A884-96592FA6E730}"
EndProject
Project("{FAE04EC0-301F-11D3-BF4B-00C04F79EFBC}") = "Client", "Client\Client.csproj", "{A7BBC993-9A52-4CA8-9CD8-22FBEAFF7D1B}"
EndProject
Project("{FAE04EC0-301F-11D3-BF4B-00C04F79EFBC}") = "Shared", "Shared\Shared.csproj", "{65572BB2-1E39-463A-87BF-53B84DBA7D94}"
EndProject
Global
	GlobalSection(SolutionConfigurationPlatforms) = preSolution
		Debug|Any CPU = Debug|Any CPU
	EndGlobalSection
	GlobalSection(ProjectConfigurationPlatforms) = postSolution
		{963CD471-E882-45C4-A884-96592FA6E730}.Debug|Any CPU.ActiveCfg = Debug|Any CPU
		{963CD471-E882-45C4-A884-96592FA6E730}.Debug|Any CPU.Build.0 = Debug|Any CPU
		{A7BBC993-9A52-4CA8-9CD8-22FBEAFF7D1B}.Debug|Any CPU.ActiveCfg = Debug|Any CPU
		{A7BBC993-9A52-4CA8-9CD8-22FBEAFF7D1B}.Debug|Any CPU.Build.0 = Debug|Any CPU
		{65572BB2-1E39-463A-87BF-53B84DBA7D94}.Debug|Any CPU.ActiveCfg = Debug|Any CPU
		{65572BB2-1E39-463A-87BF-53B84DBA7D94}.Debug|Any CPU.Build.0 = Debug|Any CPU
	EndGlobalSection
	GlobalSection(SolutionProperties) = preSolution
		HideSolutionNode = FALSE
	EndGlobalSection
EndGlobal
