
Microsoft Visual Studio Solution File, Format Version 12.00
# Visual Studio 15
VisualStudioVersion = 15.0.26730.12
MinimumVisualStudioVersion = 15.0.26730.12
Project("{FAE04EC0-301F-11D3-BF4B-00C04F79EFBC}") = "Endpoint", "Endpoint\Endpoint.csproj", "{91C1383C-79C8-43C9-8B88-C996E7A8BF6E}"
EndProject
Project("{FAE04EC0-301F-11D3-BF4B-00C04F79EFBC}") = "Messages", "Messages\Messages.csproj", "{67823838-A4F7-44AC-B2A5-9F1AC3749470}"
EndProject
Project("{FAE04EC0-301F-11D3-BF4B-00C04F79EFBC}") = "WcfCallbacks", "WcfCallbacks\WcfCallbacks.csproj", "{40CCA583-78C4-48DF-94B4-16AF5A295F7C}"
EndProject
Project("{FAE04EC0-301F-11D3-BF4B-00C04F79EFBC}") = "Client", "Client\Client.csproj", "{99A8D699-6792-42CF-9B75-C50A3E410019}"
EndProject
Global
	GlobalSection(SolutionConfigurationPlatforms) = preSolution
		Debug|Any CPU = Debug|Any CPU
	EndGlobalSection
	GlobalSection(ProjectConfigurationPlatforms) = postSolution
		{91C1383C-79C8-43C9-8B88-C996E7A8BF6E}.Debug|Any CPU.ActiveCfg = Debug|Any CPU
		{91C1383C-79C8-43C9-8B88-C996E7A8BF6E}.Debug|Any CPU.Build.0 = Debug|Any CPU
		{67823838-A4F7-44AC-B2A5-9F1AC3749470}.Debug|Any CPU.ActiveCfg = Debug|Any CPU
		{67823838-A4F7-44AC-B2A5-9F1AC3749470}.Debug|Any CPU.Build.0 = Debug|Any CPU
		{40CCA583-78C4-48DF-94B4-16AF5A295F7C}.Debug|Any CPU.ActiveCfg = Debug|Any CPU
		{40CCA583-78C4-48DF-94B4-16AF5A295F7C}.Debug|Any CPU.Build.0 = Debug|Any CPU
		{99A8D699-6792-42CF-9B75-C50A3E410019}.Debug|Any CPU.ActiveCfg = Debug|Any CPU
		{99A8D699-6792-42CF-9B75-C50A3E410019}.Debug|Any CPU.Build.0 = Debug|Any CPU
	EndGlobalSection
	GlobalSection(SolutionProperties) = preSolution
		HideSolutionNode = FALSE
	EndGlobalSection
EndGlobal
