Microsoft Visual Studio Solution File, Format Version 12.00
# Visual Studio Version 17
VisualStudioVersion = 17.8.34227.203
MinimumVisualStudioVersion = 15.0.26730.12
Project("{9A19103F-16F7-4668-BE54-9A1E7A4F7556}") = "SqlPersistence_All", "SqlPersistence_All\SqlPersistence_All.csproj", "{904ADAD7-0E74-4183-95DE-FABF76F591D4}"
EndProject
Project("{9A19103F-16F7-4668-BE54-9A1E7A4F7556}") = "SqlPersistence_6", "SqlPersistence_6\SqlPersistence_6.csproj", "{43AE1BEF-A331-47FC-B3D3-DE66A05993FD}"
EndProject
Project("{9A19103F-16F7-4668-BE54-9A1E7A4F7556}") = "SqlPersistence_7", "SqlPersistence_7\SqlPersistence_7.csproj", "{4DDE682D-CDBF-40EC-B1E2-21387A0E0396}"
EndProject
Project("{9A19103F-16F7-4668-BE54-9A1E7A4F7556}") = "SqlPersistence_8", "SqlPersistence_8\SqlPersistence_8.csproj", "{0CE65678-06CC-4352-B176-151D35C54320}"
EndProject
Project("{FAE04EC0-301F-11D3-BF4B-00C04F79EFBC}") = "SqlPersistence_9", "SqlPersistence_9\SqlPersistence_9.csproj", "{198D0485-6855-0832-8A98-4268C02B7B99}"
EndProject
Global
	GlobalSection(SolutionConfigurationPlatforms) = preSolution
		Debug|Any CPU = Debug|Any CPU
		Release|Any CPU = Release|Any CPU
	EndGlobalSection
	GlobalSection(ProjectConfigurationPlatforms) = postSolution
		{904ADAD7-0E74-4183-95DE-FABF76F591D4}.Debug|Any CPU.ActiveCfg = Debug|Any CPU
		{904ADAD7-0E74-4183-95DE-FABF76F591D4}.Debug|Any CPU.Build.0 = Debug|Any CPU
		{904ADAD7-0E74-4183-95DE-FABF76F591D4}.Release|Any CPU.ActiveCfg = Release|Any CPU
		{904ADAD7-0E74-4183-95DE-FABF76F591D4}.Release|Any CPU.Build.0 = Release|Any CPU
		{43AE1BEF-A331-47FC-B3D3-DE66A05993FD}.Debug|Any CPU.ActiveCfg = Debug|Any CPU
		{43AE1BEF-A331-47FC-B3D3-DE66A05993FD}.Debug|Any CPU.Build.0 = Debug|Any CPU
		{43AE1BEF-A331-47FC-B3D3-DE66A05993FD}.Release|Any CPU.ActiveCfg = Release|Any CPU
		{43AE1BEF-A331-47FC-B3D3-DE66A05993FD}.Release|Any CPU.Build.0 = Release|Any CPU
		{4DDE682D-CDBF-40EC-B1E2-21387A0E0396}.Debug|Any CPU.ActiveCfg = Debug|Any CPU
		{4DDE682D-CDBF-40EC-B1E2-21387A0E0396}.Debug|Any CPU.Build.0 = Debug|Any CPU
		{4DDE682D-CDBF-40EC-B1E2-21387A0E0396}.Release|Any CPU.ActiveCfg = Release|Any CPU
		{4DDE682D-CDBF-40EC-B1E2-21387A0E0396}.Release|Any CPU.Build.0 = Release|Any CPU
		{0CE65678-06CC-4352-B176-151D35C54320}.Debug|Any CPU.ActiveCfg = Debug|Any CPU
		{0CE65678-06CC-4352-B176-151D35C54320}.Debug|Any CPU.Build.0 = Debug|Any CPU
		{0CE65678-06CC-4352-B176-151D35C54320}.Release|Any CPU.ActiveCfg = Release|Any CPU
		{0CE65678-06CC-4352-B176-151D35C54320}.Release|Any CPU.Build.0 = Release|Any CPU
		{198D0485-6855-0832-8A98-4268C02B7B99}.Debug|Any CPU.ActiveCfg = Debug|Any CPU
		{198D0485-6855-0832-8A98-4268C02B7B99}.Debug|Any CPU.Build.0 = Debug|Any CPU
		{198D0485-6855-0832-8A98-4268C02B7B99}.Release|Any CPU.ActiveCfg = Release|Any CPU
		{198D0485-6855-0832-8A98-4268C02B7B99}.Release|Any CPU.Build.0 = Release|Any CPU
	EndGlobalSection
	GlobalSection(SolutionProperties) = preSolution
		HideSolutionNode = FALSE
	EndGlobalSection
	GlobalSection(ExtensibilityGlobals) = postSolution
		SolutionGuid = {239CCE49-C95C-401C-A637-4B9304883684}
	EndGlobalSection
EndGlobal
