Microsoft Visual Studio Solution File, Format Version 12.00
# Visual Studio 15
VisualStudioVersion = 15.0.26730.3
MinimumVisualStudioVersion = 15.0.26430.04
Project("{9A19103F-16F7-4668-BE54-9A1E7A4F7556}") = "Core_4", "Core_4\Core_4.csproj", "{07F27696-5C5E-42E9-A8B0-6837946A5C00}"
EndProject
Project("{9A19103F-16F7-4668-BE54-9A1E7A4F7556}") = "Core_3", "Core_3\Core_3.csproj", "{5FB8D00E-CA45-4BED-B4EB-8A1F9CA27100}"
EndProject
Project("{9A19103F-16F7-4668-BE54-9A1E7A4F7556}") = "Log4Net_1", "Log4Net_1\Log4Net_1.csproj", "{30F5B3E6-2B7F-46BE-8086-169FD856BA64}"
EndProject
Project("{9A19103F-16F7-4668-BE54-9A1E7A4F7556}") = "Log4Net_2", "Log4Net_2\Log4Net_2.csproj", "{EC4A0E0D-C95A-4936-BD4F-73959DE7B516}"
EndProject
Project("{9A19103F-16F7-4668-BE54-9A1E7A4F7556}") = "Log4Net_3", "Log4Net_3\Log4Net_3.csproj", "{36AC5DE2-B16B-403F-BFD1-03E9DA2F4FC0}"
EndProject
Global
	GlobalSection(SolutionConfigurationPlatforms) = preSolution
		Debug|Any CPU = Debug|Any CPU
	EndGlobalSection
	GlobalSection(ProjectConfigurationPlatforms) = postSolution
		{07F27696-5C5E-42E9-A8B0-6837946A5C00}.Debug|Any CPU.ActiveCfg = Debug|Any CPU
		{07F27696-5C5E-42E9-A8B0-6837946A5C00}.Debug|Any CPU.Build.0 = Debug|Any CPU
		{5FB8D00E-CA45-4BED-B4EB-8A1F9CA27100}.Debug|Any CPU.ActiveCfg = Debug|Any CPU
		{5FB8D00E-CA45-4BED-B4EB-8A1F9CA27100}.Debug|Any CPU.Build.0 = Debug|Any CPU
		{30F5B3E6-2B7F-46BE-8086-169FD856BA64}.Debug|Any CPU.ActiveCfg = Debug|Any CPU
		{30F5B3E6-2B7F-46BE-8086-169FD856BA64}.Debug|Any CPU.Build.0 = Debug|Any CPU
		{EC4A0E0D-C95A-4936-BD4F-73959DE7B516}.Debug|Any CPU.ActiveCfg = Debug|Any CPU
		{EC4A0E0D-C95A-4936-BD4F-73959DE7B516}.Debug|Any CPU.Build.0 = Debug|Any CPU
		{36AC5DE2-B16B-403F-BFD1-03E9DA2F4FC0}.Debug|Any CPU.ActiveCfg = Debug|Any CPU
		{36AC5DE2-B16B-403F-BFD1-03E9DA2F4FC0}.Debug|Any CPU.Build.0 = Debug|Any CPU
	EndGlobalSection
	GlobalSection(SolutionProperties) = preSolution
		HideSolutionNode = FALSE
	EndGlobalSection
	GlobalSection(ExtensibilityGlobals) = postSolution
		SolutionGuid = {8E192FD2-DC72-40B8-802C-4C4F2471D881}
	EndGlobalSection
EndGlobal
