
Microsoft Visual Studio Solution File, Format Version 12.00
# Visual Studio 15
VisualStudioVersion = 15.0.26730.10
MinimumVisualStudioVersion = 15.0.26430.04
Project("{FAE04EC0-301F-11D3-BF4B-00C04F79EFBC}") = "FileBasedRouting_1", "FileBasedRouting_1\FileBasedRouting_1.csproj", "{FE2253DC-45F8-4254-B6AA-11AFE9EACEB5}"
EndProject
Global
	GlobalSection(SolutionConfigurationPlatforms) = preSolution
		Debug|Any CPU = Debug|Any CPU
	EndGlobalSection
	GlobalSection(ProjectConfigurationPlatforms) = postSolution
		{FE2253DC-45F8-4254-B6AA-11AFE9EACEB5}.Debug|Any CPU.ActiveCfg = Debug|Any CPU
		{FE2253DC-45F8-4254-B6AA-11AFE9EACEB5}.Debug|Any CPU.Build.0 = Debug|Any CPU
	EndGlobalSection
	GlobalSection(SolutionProperties) = preSolution
		HideSolutionNode = FALSE
	EndGlobalSection
EndGlobal
