Microsoft Visual Studio Solution File, Format Version 12.00
# Visual Studio 15
VisualStudioVersion = 15.0.26730.10
MinimumVisualStudioVersion = 15.0.26430.04
Project("{9A19103F-16F7-4668-BE54-9A1E7A4F7556}") = "ASB_6", "ASB_6\ASB_6.csproj", "{74717D6E-BFCC-408D-8300-06C6A5C04E18}"
EndProject
Project("{9A19103F-16F7-4668-BE54-9A1E7A4F7556}") = "ASB_7", "ASB_7\ASB_7.csproj", "{EF1F97BF-AAD9-456C-B8E6-3C7182B0B9F1}"
EndProject
Project("{9A19103F-16F7-4668-BE54-9A1E7A4F7556}") = "ASB_5", "ASB_5\ASB_5.csproj", "{07078233-1A58-4547-889E-C43A3FDF5889}"
EndProject
Project("{9A19103F-16F7-4668-BE54-9A1E7A4F7556}") = "ASB_8", "ASB_8\ASB_8.csproj", "{D0338149-AD24-4041-AC6B-13FE982A663B}"
EndProject
Global
	GlobalSection(SolutionConfigurationPlatforms) = preSolution
		Debug|Any CPU = Debug|Any CPU
	EndGlobalSection
	GlobalSection(ProjectConfigurationPlatforms) = postSolution
		{74717D6E-BFCC-408D-8300-06C6A5C04E18}.Debug|Any CPU.ActiveCfg = Debug|Any CPU
		{74717D6E-BFCC-408D-8300-06C6A5C04E18}.Debug|Any CPU.Build.0 = Debug|Any CPU
		{EF1F97BF-AAD9-456C-B8E6-3C7182B0B9F1}.Debug|Any CPU.ActiveCfg = Debug|Any CPU
		{EF1F97BF-AAD9-456C-B8E6-3C7182B0B9F1}.Debug|Any CPU.Build.0 = Debug|Any CPU
		{07078233-1A58-4547-889E-C43A3FDF5889}.Debug|Any CPU.ActiveCfg = Debug|Any CPU
		{07078233-1A58-4547-889E-C43A3FDF5889}.Debug|Any CPU.Build.0 = Debug|Any CPU
		{D0338149-AD24-4041-AC6B-13FE982A663B}.Debug|Any CPU.ActiveCfg = Debug|Any CPU
		{D0338149-AD24-4041-AC6B-13FE982A663B}.Debug|Any CPU.Build.0 = Debug|Any CPU
	EndGlobalSection
	GlobalSection(SolutionProperties) = preSolution
		HideSolutionNode = FALSE
	EndGlobalSection
EndGlobal
