Microsoft Visual Studio Solution File, Format Version 12.00
# Visual Studio 15
VisualStudioVersion = 15.0.26730.10
MinimumVisualStudioVersion = 15.0.26430.04
Project("{9A19103F-16F7-4668-BE54-9A1E7A4F7556}") = "Endpoint1.Core", "Endpoint1\Endpoint1.Core.csproj", "{E94B7783-5A00-4C72-9C9B-B126D8E59314}"
EndProject
Project("{9A19103F-16F7-4668-BE54-9A1E7A4F7556}") = "Endpoint2.Core", "Endpoint2\Endpoint2.Core.csproj", "{52D01D1A-0522-42A3-8C9B-3002B6C6757A}"
EndProject
Project("{9A19103F-16F7-4668-BE54-9A1E7A4F7556}") = "Shared.Core", "Shared\Shared.Core.csproj", "{7B8DA931-9045-4A0C-A143-6F36F3175BBF}"
EndProject
Project("{9A19103F-16F7-4668-BE54-9A1E7A4F7556}") = "CustomTransport.TransportTests.Core", "CustomTransport.TransportTests\CustomTransport.TransportTests.Core.csproj", "{1399E57F-B583-43AA-895F-3F92328B52AB}"
EndProject
Global
	GlobalSection(SolutionConfigurationPlatforms) = preSolution
		Debug|Any CPU = Debug|Any CPU
	EndGlobalSection
	GlobalSection(ProjectConfigurationPlatforms) = postSolution
		{E94B7783-5A00-4C72-9C9B-B126D8E59314}.Debug|Any CPU.ActiveCfg = Debug|Any CPU
		{E94B7783-5A00-4C72-9C9B-B126D8E59314}.Debug|Any CPU.Build.0 = Debug|Any CPU
		{52D01D1A-0522-42A3-8C9B-3002B6C6757A}.Debug|Any CPU.ActiveCfg = Debug|Any CPU
		{52D01D1A-0522-42A3-8C9B-3002B6C6757A}.Debug|Any CPU.Build.0 = Debug|Any CPU
		{7B8DA931-9045-4A0C-A143-6F36F3175BBF}.Debug|Any CPU.ActiveCfg = Debug|Any CPU
		{7B8DA931-9045-4A0C-A143-6F36F3175BBF}.Debug|Any CPU.Build.0 = Debug|Any CPU
		{1399E57F-B583-43AA-895F-3F92328B52AB}.Debug|Any CPU.ActiveCfg = Debug|Any CPU
		{1399E57F-B583-43AA-895F-3F92328B52AB}.Debug|Any CPU.Build.0 = Debug|Any CPU
	EndGlobalSection
	GlobalSection(SolutionProperties) = preSolution
		HideSolutionNode = FALSE
	EndGlobalSection
EndGlobal
