Microsoft Visual Studio Solution File, Format Version 12.00
# Visual Studio Version 16
VisualStudioVersion = 16.0.29728.190
MinimumVisualStudioVersion = 15.0.26730.12
Project("{9A19103F-16F7-4668-BE54-9A1E7A4F7556}") = "Shared", "Shared\Shared.csproj", "{DD438DB2-9C03-4BC0-BA52-BB7A35098458}"
EndProject
Project("{9A19103F-16F7-4668-BE54-9A1E7A4F7556}") = "AsbEndpoint", "AsbEndpoint\AsbEndpoint.csproj", "{F761136A-AAD2-48FD-A191-FE4825A5B01E}"
EndProject
Project("{9A19103F-16F7-4668-BE54-9A1E7A4F7556}") = "MsmqEndpoint", "MsmqEndpoint\MsmqEndpoint.csproj", "{3E6DFB28-3FDC-4E2A-9BBD-98450E38CC1D}"
EndProject
Project("{9A19103F-16F7-4668-BE54-9A1E7A4F7556}") = "Bridge", "Bridge\Bridge.csproj", "{D98CE046-82DC-4E4B-8A74-3A90FFE37A18}"
EndProject
Global
	GlobalSection(SolutionConfigurationPlatforms) = preSolution
		Debug|Any CPU = Debug|Any CPU
	EndGlobalSection
	GlobalSection(ProjectConfigurationPlatforms) = postSolution
		{DD438DB2-9C03-4BC0-BA52-BB7A35098458}.Debug|Any CPU.ActiveCfg = Debug|Any CPU
		{DD438DB2-9C03-4BC0-BA52-BB7A35098458}.Debug|Any CPU.Build.0 = Debug|Any CPU
		{F761136A-AAD2-48FD-A191-FE4825A5B01E}.Debug|Any CPU.ActiveCfg = Debug|Any CPU
		{F761136A-AAD2-48FD-A191-FE4825A5B01E}.Debug|Any CPU.Build.0 = Debug|Any CPU
		{3E6DFB28-3FDC-4E2A-9BBD-98450E38CC1D}.Debug|Any CPU.ActiveCfg = Debug|Any CPU
		{3E6DFB28-3FDC-4E2A-9BBD-98450E38CC1D}.Debug|Any CPU.Build.0 = Debug|Any CPU
		{D98CE046-82DC-4E4B-8A74-3A90FFE37A18}.Debug|Any CPU.ActiveCfg = Debug|Any CPU
		{D98CE046-82DC-4E4B-8A74-3A90FFE37A18}.Debug|Any CPU.Build.0 = Debug|Any CPU
	EndGlobalSection
	GlobalSection(SolutionProperties) = preSolution
		HideSolutionNode = FALSE
	EndGlobalSection
	GlobalSection(ExtensibilityGlobals) = postSolution
		SolutionGuid = {EA878F4D-E999-472F-8207-36AD5ED0ED45}
	EndGlobalSection
EndGlobal
