
Microsoft Visual Studio Solution File, Format Version 12.00
# Visual Studio 15
VisualStudioVersion = 15.0.26430.04
MinimumVisualStudioVersion = 15.0.26430.04
Project("{FAE04EC0-301F-11D3-BF4B-00C04F79EFBC}") = "Shared", "Shared\Shared.csproj", "{DD438DB2-9C03-4BC0-BA52-BB7A35098458}"
EndProject
Project("{FAE04EC0-301F-11D3-BF4B-00C04F79EFBC}") = "FastSender", "FastSender\FastSender.csproj", "{11641841-C7E9-4B49-9688-99E54187A7E8}"
EndProject
Project("{FAE04EC0-301F-11D3-BF4B-00C04F79EFBC}") = "SlowSender", "SlowSender\SlowSender.csproj", "{11641841-C7E9-4B49-9688-99E54187A7E9}"
EndProject
Project("{FAE04EC0-301F-11D3-BF4B-00C04F79EFBC}") = "SlowAtomicReceiver", "SlowAtomicReceiver\SlowAtomicReceiver.csproj", "{2FE71442-7F81-428E-B945-D564850D6564}"
EndProject
Project("{FAE04EC0-301F-11D3-BF4B-00C04F79EFBC}") = "FastAtomicReceiver", "FastAtomicReceiver\FastAtomicReceiver.csproj", "{2FE71442-7F81-428E-B945-D564850D6565}"
EndProject
Project("{FAE04EC0-301F-11D3-BF4B-00C04F79EFBC}") = "SlowNonAtomicReceiver", "SlowNonAtomicReceiver\SlowNonAtomicReceiver.csproj", "{2FE71442-7F81-428E-B945-D564850D6566}"
EndProject
Project("{FAE04EC0-301F-11D3-BF4B-00C04F79EFBC}") = "FastNonAtomicReceiver", "FastNonAtomicReceiver\FastNonAtomicReceiver.csproj", "{2FE71442-7F81-428E-B945-D564850D6567}"
EndProject
Project("{2150E333-8FDC-42A3-9474-1A3956D46DE8}") = "Sender", "Sender", "{F988A001-B801-45DD-A3A1-8107F6D82C6A}"
EndProject
Project("{2150E333-8FDC-42A3-9474-1A3956D46DE8}") = "Receiver", "Receiver", "{E55DB370-BC71-4189-83B6-B73C29FD4761}"
EndProject
Project("{2150E333-8FDC-42A3-9474-1A3956D46DE8}") = "SendReceive", "SendReceive", "{3E17DC29-C823-41A5-A9B5-27364E5C59BD}"
EndProject
Project("{FAE04EC0-301F-11D3-BF4B-00C04F79EFBC}") = "FastAtomicSenderReceiver", "FastAtomicSenderReceiver\FastAtomicSenderReceiver.csproj", "{33F88131-CCDF-4CAA-A647-83D34D1AF6F9}"
EndProject
Project("{FAE04EC0-301F-11D3-BF4B-00C04F79EFBC}") = "FastNonAtomicSenderReceiver", "FastNonAtomicSenderReceiver\FastNonAtomicSenderReceiver.csproj", "{5FABE8D3-A1C1-40E0-BAD8-C9486A66F2DB}"
EndProject
Global
	GlobalSection(SolutionConfigurationPlatforms) = preSolution
		Debug|Any CPU = Debug|Any CPU
	EndGlobalSection
	GlobalSection(ProjectConfigurationPlatforms) = postSolution
		{DD438DB2-9C03-4BC0-BA52-BB7A35098458}.Debug|Any CPU.ActiveCfg = Debug|Any CPU
		{DD438DB2-9C03-4BC0-BA52-BB7A35098458}.Debug|Any CPU.Build.0 = Debug|Any CPU
		{11641841-C7E9-4B49-9688-99E54187A7E8}.Debug|Any CPU.ActiveCfg = Debug|Any CPU
		{11641841-C7E9-4B49-9688-99E54187A7E8}.Debug|Any CPU.Build.0 = Debug|Any CPU
		{11641841-C7E9-4B49-9688-99E54187A7E9}.Debug|Any CPU.ActiveCfg = Debug|Any CPU
		{11641841-C7E9-4B49-9688-99E54187A7E9}.Debug|Any CPU.Build.0 = Debug|Any CPU
		{2FE71442-7F81-428E-B945-D564850D6564}.Debug|Any CPU.ActiveCfg = Debug|Any CPU
		{2FE71442-7F81-428E-B945-D564850D6564}.Debug|Any CPU.Build.0 = Debug|Any CPU
		{2FE71442-7F81-428E-B945-D564850D6565}.Debug|Any CPU.ActiveCfg = Debug|Any CPU
		{2FE71442-7F81-428E-B945-D564850D6565}.Debug|Any CPU.Build.0 = Debug|Any CPU
		{2FE71442-7F81-428E-B945-D564850D6566}.Debug|Any CPU.ActiveCfg = Debug|Any CPU
		{2FE71442-7F81-428E-B945-D564850D6566}.Debug|Any CPU.Build.0 = Debug|Any CPU
		{2FE71442-7F81-428E-B945-D564850D6567}.Debug|Any CPU.ActiveCfg = Debug|Any CPU
		{2FE71442-7F81-428E-B945-D564850D6567}.Debug|Any CPU.Build.0 = Debug|Any CPU
		{33F88131-CCDF-4CAA-A647-83D34D1AF6F9}.Debug|Any CPU.ActiveCfg = Debug|Any CPU
		{33F88131-CCDF-4CAA-A647-83D34D1AF6F9}.Debug|Any CPU.Build.0 = Debug|Any CPU
		{5FABE8D3-A1C1-40E0-BAD8-C9486A66F2DB}.Debug|Any CPU.ActiveCfg = Debug|Any CPU
		{5FABE8D3-A1C1-40E0-BAD8-C9486A66F2DB}.Debug|Any CPU.Build.0 = Debug|Any CPU
	EndGlobalSection
	GlobalSection(SolutionProperties) = preSolution
		HideSolutionNode = FALSE
	EndGlobalSection
	GlobalSection(NestedProjects) = preSolution
		{11641841-C7E9-4B49-9688-99E54187A7E8} = {F988A001-B801-45DD-A3A1-8107F6D82C6A}
		{11641841-C7E9-4B49-9688-99E54187A7E9} = {F988A001-B801-45DD-A3A1-8107F6D82C6A}
		{2FE71442-7F81-428E-B945-D564850D6564} = {E55DB370-BC71-4189-83B6-B73C29FD4761}
		{2FE71442-7F81-428E-B945-D564850D6565} = {E55DB370-BC71-4189-83B6-B73C29FD4761}
		{2FE71442-7F81-428E-B945-D564850D6566} = {E55DB370-BC71-4189-83B6-B73C29FD4761}
		{2FE71442-7F81-428E-B945-D564850D6567} = {E55DB370-BC71-4189-83B6-B73C29FD4761}
		{33F88131-CCDF-4CAA-A647-83D34D1AF6F9} = {3E17DC29-C823-41A5-A9B5-27364E5C59BD}
		{5FABE8D3-A1C1-40E0-BAD8-C9486A66F2DB} = {3E17DC29-C823-41A5-A9B5-27364E5C59BD}
	EndGlobalSection
EndGlobal
