
Microsoft Visual Studio Solution File, Format Version 12.00
# Visual Studio 15
VisualStudioVersion = 15.0.27428.2005
MinimumVisualStudioVersion = 10.0.40219.1
Project("{FAE04EC0-301F-11D3-BF4B-00C04F79EFBC}") = "IntegrityTests", "IntegrityTests\IntegrityTests.csproj", "{40D06B9E-4A74-48E4-89BA-74A765120802}"
EndProject
Global
	GlobalSection(SolutionConfigurationPlatforms) = preSolution
		Debug|Any CPU = Debug|Any CPU
		Release|Any CPU = Release|Any CPU
	EndGlobalSection
	GlobalSection(ProjectConfigurationPlatforms) = postSolution
		{40D06B9E-4A74-48E4-89BA-74A765120802}.Debug|Any CPU.ActiveCfg = Debug|Any CPU
		{40D06B9E-4A74-48E4-89BA-74A765120802}.Debug|Any CPU.Build.0 = Debug|Any CPU
		{40D06B9E-4A74-48E4-89BA-74A765120802}.Release|Any CPU.ActiveCfg = Release|Any CPU
		{40D06B9E-4A74-48E4-89BA-74A765120802}.Release|Any CPU.Build.0 = Release|Any CPU
	EndGlobalSection
	GlobalSection(SolutionProperties) = preSolution
		HideSolutionNode = FALSE
	EndGlobalSection
	GlobalSection(ExtensibilityGlobals) = postSolution
		SolutionGuid = {E49A126D-A249-4C73-9C47-D303F192961B}
	EndGlobalSection
EndGlobal
