Microsoft Visual Studio Solution File, Format Version 12.00
# Visual Studio Version 17
VisualStudioVersion = 17.8.34112.27
MinimumVisualStudioVersion = 15.0.26730.12
Project("{9A19103F-16F7-4668-BE54-9A1E7A4F7556}") = "Core_7", "Core_7\Core_7.csproj", "{C7C8E4C8-708C-4A4B-BBAD-8C97D93813D4}"
EndProject
Project("{9A19103F-16F7-4668-BE54-9A1E7A4F7556}") = "Core_8", "Core_8\Core_8.csproj", "{C91A270A-F01C-4D29-948C-9910D41D35B3}"
EndProject
Project("{9A19103F-16F7-4668-BE54-9A1E7A4F7556}") = "Core_9", "Core_9\Core_9.csproj", "{A9410185-31C6-473C-A024-98044CD3AD27}"
EndProject
Project("{FAE04EC0-301F-11D3-BF4B-00C04F79EFBC}") = "Core_10", "Core_10\Core_10.csproj", "{EBAFAA37-97A9-8D49-338F-971B0BFC3D0C}"
EndProject
Global
	GlobalSection(SolutionConfigurationPlatforms) = preSolution
		Debug|Any CPU = Debug|Any CPU
		Release|Any CPU = Release|Any CPU
	EndGlobalSection
	GlobalSection(ProjectConfigurationPlatforms) = postSolution
		{C7C8E4C8-708C-4A4B-BBAD-8C97D93813D4}.Debug|Any CPU.ActiveCfg = Debug|Any CPU
		{C7C8E4C8-708C-4A4B-BBAD-8C97D93813D4}.Debug|Any CPU.Build.0 = Debug|Any CPU
		{C7C8E4C8-708C-4A4B-BBAD-8C97D93813D4}.Release|Any CPU.ActiveCfg = Release|Any CPU
		{C7C8E4C8-708C-4A4B-BBAD-8C97D93813D4}.Release|Any CPU.Build.0 = Release|Any CPU
		{C91A270A-F01C-4D29-948C-9910D41D35B3}.Debug|Any CPU.ActiveCfg = Debug|Any CPU
		{C91A270A-F01C-4D29-948C-9910D41D35B3}.Debug|Any CPU.Build.0 = Debug|Any CPU
		{C91A270A-F01C-4D29-948C-9910D41D35B3}.Release|Any CPU.ActiveCfg = Release|Any CPU
		{C91A270A-F01C-4D29-948C-9910D41D35B3}.Release|Any CPU.Build.0 = Release|Any CPU
		{A9410185-31C6-473C-A024-98044CD3AD27}.Debug|Any CPU.ActiveCfg = Debug|Any CPU
		{A9410185-31C6-473C-A024-98044CD3AD27}.Debug|Any CPU.Build.0 = Debug|Any CPU
		{A9410185-31C6-473C-A024-98044CD3AD27}.Release|Any CPU.ActiveCfg = Release|Any CPU
		{A9410185-31C6-473C-A024-98044CD3AD27}.Release|Any CPU.Build.0 = Release|Any CPU
		{EBAFAA37-97A9-8D49-338F-971B0BFC3D0C}.Debug|Any CPU.ActiveCfg = Debug|Any CPU
		{EBAFAA37-97A9-8D49-338F-971B0BFC3D0C}.Debug|Any CPU.Build.0 = Debug|Any CPU
		{EBAFAA37-97A9-8D49-338F-971B0BFC3D0C}.Release|Any CPU.ActiveCfg = Release|Any CPU
		{EBAFAA37-97A9-8D49-338F-971B0BFC3D0C}.Release|Any CPU.Build.0 = Release|Any CPU
	EndGlobalSection
	GlobalSection(SolutionProperties) = preSolution
		HideSolutionNode = FALSE
	EndGlobalSection
EndGlobal
