Microsoft Visual Studio Solution File, Format Version 12.00
# Visual Studio Version 16
VisualStudioVersion = 16.0.29728.190
MinimumVisualStudioVersion = 15.0.26730.12
Project("{9A19103F-16F7-4668-BE54-9A1E7A4F7556}") = "Raven_3", "Raven_3\Raven_3.csproj", "{BC1360FA-FDDD-4908-AC64-0DDB6E0007EA}"
EndProject
Project("{9A19103F-16F7-4668-BE54-9A1E7A4F7556}") = "Raven_4", "Raven_4\Raven_4.csproj", "{10CE989A-8E4F-400C-8BBD-3935B9FEE695}"
EndProject
Project("{9A19103F-16F7-4668-BE54-9A1E7A4F7556}") = "Raven_All", "Raven_All\Raven_All.csproj", "{D52A6FEB-CC19-49C3-AF92-475669D2FF25}"
EndProject
Project("{9A19103F-16F7-4668-BE54-9A1E7A4F7556}") = "Raven_5", "Raven_5\Raven_5.csproj", "{A5FA02A8-8FB0-4FCA-A8A7-57E2303962B5}"
EndProject
Project("{9A19103F-16F7-4668-BE54-9A1E7A4F7556}") = "Raven_6", "Raven_6\Raven_6.csproj", "{495186E6-37F3-4F3C-BFC7-12C3478113D9}"
EndProject
Project("{FAE04EC0-301F-11D3-BF4B-00C04F79EFBC}") = "Raven_6.1", "Raven_6.1\Raven_6.1.csproj", "{A34F6A59-E929-4D5D-B407-21FA974086CE}"
EndProject
Project("{FAE04EC0-301F-11D3-BF4B-00C04F79EFBC}") = "Raven_6.3", "Raven_6.3\Raven_6.3.csproj", "{806EA7B8-5242-4459-AD53-6F8E05492F5A}"
EndProject
Project("{FAE04EC0-301F-11D3-BF4B-00C04F79EFBC}") = "Raven_6.4", "Raven_6.4\Raven_6.4.csproj", "{B6DFDBB6-23B7-4B19-BA29-AFAFA67BCB20}"
EndProject
Project("{FAE04EC0-301F-11D3-BF4B-00C04F79EFBC}") = "Raven_6.5", "Raven_6.5\Raven_6.5.csproj", "{CFE2511D-FFE9-4792-B9BF-B388210183C6}"
EndProject
Global
	GlobalSection(SolutionConfigurationPlatforms) = preSolution
		Debug|Any CPU = Debug|Any CPU
	EndGlobalSection
	GlobalSection(ProjectConfigurationPlatforms) = postSolution
		{BC1360FA-FDDD-4908-AC64-0DDB6E0007EA}.Debug|Any CPU.ActiveCfg = Debug|Any CPU
		{BC1360FA-FDDD-4908-AC64-0DDB6E0007EA}.Debug|Any CPU.Build.0 = Debug|Any CPU
		{10CE989A-8E4F-400C-8BBD-3935B9FEE695}.Debug|Any CPU.ActiveCfg = Debug|Any CPU
		{10CE989A-8E4F-400C-8BBD-3935B9FEE695}.Debug|Any CPU.Build.0 = Debug|Any CPU
		{D52A6FEB-CC19-49C3-AF92-475669D2FF25}.Debug|Any CPU.ActiveCfg = Debug|Any CPU
		{D52A6FEB-CC19-49C3-AF92-475669D2FF25}.Debug|Any CPU.Build.0 = Debug|Any CPU
		{A5FA02A8-8FB0-4FCA-A8A7-57E2303962B5}.Debug|Any CPU.ActiveCfg = Debug|Any CPU
		{A5FA02A8-8FB0-4FCA-A8A7-57E2303962B5}.Debug|Any CPU.Build.0 = Debug|Any CPU
		{495186E6-37F3-4F3C-BFC7-12C3478113D9}.Debug|Any CPU.ActiveCfg = Debug|Any CPU
		{495186E6-37F3-4F3C-BFC7-12C3478113D9}.Debug|Any CPU.Build.0 = Debug|Any CPU
		{A34F6A59-E929-4D5D-B407-21FA974086CE}.Debug|Any CPU.ActiveCfg = Debug|Any CPU
		{A34F6A59-E929-4D5D-B407-21FA974086CE}.Debug|Any CPU.Build.0 = Debug|Any CPU
		{806EA7B8-5242-4459-AD53-6F8E05492F5A}.Debug|Any CPU.ActiveCfg = Debug|Any CPU
		{806EA7B8-5242-4459-AD53-6F8E05492F5A}.Debug|Any CPU.Build.0 = Debug|Any CPU
		{B6DFDBB6-23B7-4B19-BA29-AFAFA67BCB20}.Debug|Any CPU.ActiveCfg = Debug|Any CPU
		{B6DFDBB6-23B7-4B19-BA29-AFAFA67BCB20}.Debug|Any CPU.Build.0 = Debug|Any CPU
		{CFE2511D-FFE9-4792-B9BF-B388210183C6}.Debug|Any CPU.ActiveCfg = Debug|Any CPU
		{CFE2511D-FFE9-4792-B9BF-B388210183C6}.Debug|Any CPU.Build.0 = Debug|Any CPU
	EndGlobalSection
	GlobalSection(SolutionProperties) = preSolution
		HideSolutionNode = FALSE
	EndGlobalSection
	GlobalSection(ExtensibilityGlobals) = postSolution
		SolutionGuid = {A644CFCB-E561-4BFE-9CE0-380B5232B869}
	EndGlobalSection
EndGlobal
