
Microsoft Visual Studio Solution File, Format Version 12.00
# Visual Studio 15
MinimumVisualStudioVersion = 14.0.26430.04
MinimumVisualStudioVersion = 14.0.26430.04
Project("{FAE04EC0-301F-11D3-BF4B-00C04F79EFBC}") = "CloudServicesHost_6", "CloudServicesHost_6\CloudServicesHost_6.csproj", "{C328B47D-B582-47AA-BD0C-A6769A28F079}"
EndProject
Project("{FAE04EC0-301F-11D3-BF4B-00C04F79EFBC}") = "CloudServicesHost_7", "CloudServicesHost_7\CloudServicesHost_7.csproj", "{AA9AD22E-FB8C-4AB4-AD09-D43B3260BB6A}"
EndProject
Global
	GlobalSection(SolutionConfigurationPlatforms) = preSolution
		Debug|Any CPU = Debug|Any CPU
	EndGlobalSection
	GlobalSection(ProjectConfigurationPlatforms) = postSolution
		{C328B47D-B582-47AA-BD0C-A6769A28F079}.Debug|Any CPU.ActiveCfg = Debug|Any CPU
		{C328B47D-B582-47AA-BD0C-A6769A28F079}.Debug|Any CPU.Build.0 = Debug|Any CPU
		{AA9AD22E-FB8C-4AB4-AD09-D43B3260BB6A}.Debug|Any CPU.ActiveCfg = Debug|Any CPU
		{AA9AD22E-FB8C-4AB4-AD09-D43B3260BB6A}.Debug|Any CPU.Build.0 = Debug|Any CPU
	EndGlobalSection
	GlobalSection(SolutionProperties) = preSolution
		HideSolutionNode = FALSE
	EndGlobalSection
EndGlobal
