
Microsoft Visual Studio Solution File, Format Version 12.00
# Visual Studio 14
VisualStudioVersion = 14.0.25123.0
MinimumVisualStudioVersion = 12.0.31101.0
Project("{FAE04EC0-301F-11D3-BF4B-00C04F79EFBC}") = "Sender", "Sender\Sender.csproj", "{7EC78DFC-BB1A-4F69-8D03-DB28443903D8}"
EndProject
Project("{FAE04EC0-301F-11D3-BF4B-00C04F79EFBC}") = "Server", "Server\Server.csproj", "{F09F96A1-0A51-4A97-A597-390FD6C35916}"
EndProject
Project("{FAE04EC0-301F-11D3-BF4B-00C04F79EFBC}") = "Shared", "Shared\Shared.csproj", "{439CF4E4-DE6A-4570-87C7-9795DF677697}"
EndProject
Project("{FAE04EC0-301F-11D3-BF4B-00C04F79EFBC}") = "Worker.Handlers", "Worker.Handlers\Worker.Handlers.csproj", "{DCB3B87D-4E30-4013-89DB-FB8110F06EB7}"
EndProject
Project("{FAE04EC0-301F-11D3-BF4B-00C04F79EFBC}") = "Worker1", "Worker1\Worker1.csproj", "{7344D505-E0C3-46E6-A107-9A02E12CC29B}"
EndProject
Project("{FAE04EC0-301F-11D3-BF4B-00C04F79EFBC}") = "Worker2", "Worker2\Worker2.csproj", "{F7A10384-CB9C-4572-87F9-6BEBE2821B4B}"
EndProject
Global
	GlobalSection(SolutionConfigurationPlatforms) = preSolution
		Debug|Any CPU = Debug|Any CPU
	EndGlobalSection
	GlobalSection(ProjectConfigurationPlatforms) = postSolution
		{7EC78DFC-BB1A-4F69-8D03-DB28443903D8}.Debug|Any CPU.ActiveCfg = Debug|Any CPU
		{7EC78DFC-BB1A-4F69-8D03-DB28443903D8}.Debug|Any CPU.Build.0 = Debug|Any CPU
		{F09F96A1-0A51-4A97-A597-390FD6C35916}.Debug|Any CPU.ActiveCfg = Debug|Any CPU
		{F09F96A1-0A51-4A97-A597-390FD6C35916}.Debug|Any CPU.Build.0 = Debug|Any CPU
		{439CF4E4-DE6A-4570-87C7-9795DF677697}.Debug|Any CPU.ActiveCfg = Debug|Any CPU
		{439CF4E4-DE6A-4570-87C7-9795DF677697}.Debug|Any CPU.Build.0 = Debug|Any CPU
		{DCB3B87D-4E30-4013-89DB-FB8110F06EB7}.Debug|Any CPU.ActiveCfg = Debug|Any CPU
		{DCB3B87D-4E30-4013-89DB-FB8110F06EB7}.Debug|Any CPU.Build.0 = Debug|Any CPU
		{7344D505-E0C3-46E6-A107-9A02E12CC29B}.Debug|Any CPU.ActiveCfg = Debug|Any CPU
		{7344D505-E0C3-46E6-A107-9A02E12CC29B}.Debug|Any CPU.Build.0 = Debug|Any CPU
		{F7A10384-CB9C-4572-87F9-6BEBE2821B4B}.Debug|Any CPU.ActiveCfg = Debug|Any CPU
		{F7A10384-CB9C-4572-87F9-6BEBE2821B4B}.Debug|Any CPU.Build.0 = Debug|Any CPU
	EndGlobalSection
	GlobalSection(SolutionProperties) = preSolution
		HideSolutionNode = FALSE
	EndGlobalSection
EndGlobal
