Microsoft Visual Studio Solution File, Format Version 12.00
# Visual Studio 15
VisualStudioVersion = 15.0.26730.12
MinimumVisualStudioVersion = 15.0.26730.12
Project("{9A19103F-16F7-4668-BE54-9A1E7A4F7556}") = "SCTransportAdapter_1", "SCTransportAdapter_1\SCTransportAdapter_1.csproj", "{7DBB1E57-F928-43B7-B6A3-0A46CE21B02B}"
EndProject
Project("{9A19103F-16F7-4668-BE54-9A1E7A4F7556}") = "SCTransportAdapter_2", "SCTransportAdapter_2\SCTransportAdapter_2.csproj", "{F7F0B797-94FD-4A90-9E59-D9B4396C1B7D}"
EndProject
Global
	GlobalSection(SolutionConfigurationPlatforms) = preSolution
		Debug|Any CPU = Debug|Any CPU
	EndGlobalSection
	GlobalSection(ProjectConfigurationPlatforms) = postSolution
		{7DBB1E57-F928-43B7-B6A3-0A46CE21B02B}.Debug|Any CPU.ActiveCfg = Debug|Any CPU
		{7DBB1E57-F928-43B7-B6A3-0A46CE21B02B}.Debug|Any CPU.Build.0 = Debug|Any CPU
		{F7F0B797-94FD-4A90-9E59-D9B4396C1B7D}.Debug|Any CPU.ActiveCfg = Debug|Any CPU
		{F7F0B797-94FD-4A90-9E59-D9B4396C1B7D}.Debug|Any CPU.Build.0 = Debug|Any CPU
	EndGlobalSection
	GlobalSection(SolutionProperties) = preSolution
		HideSolutionNode = FALSE
	EndGlobalSection
	GlobalSection(ExtensibilityGlobals) = postSolution
		SolutionGuid = {BA5C79A3-27E1-432C-847B-21D161B56A34}
	EndGlobalSection
EndGlobal
