Microsoft Visual Studio Solution File, Format Version 12.00
# Visual Studio Version 16
VisualStudioVersion = 16.0.29728.190
MinimumVisualStudioVersion = 15.0.26730.12
Project("{9A19103F-16F7-4668-BE54-9A1E7A4F7556}") = "ASP_1", "ASP_1\ASP_1.csproj", "{D82CA0A6-F030-4A32-8B83-0A7EEE480DC0}"
EndProject
Project("{9A19103F-16F7-4668-BE54-9A1E7A4F7556}") = "ASP_2", "ASP_2\ASP_2.csproj", "{D0DC3C7B-A506-4CED-B4D7-8BCDDC35506E}"
EndProject
Project("{FAE04EC0-301F-11D3-BF4B-00C04F79EFBC}") = "ASTP_3", "ASTP_3\ASTP_3.csproj", "{F83ED6B8-C08C-4B80-9053-22E274507624}"
EndProject
Project("{FAE04EC0-301F-11D3-BF4B-00C04F79EFBC}") = "ASTP_4", "ASTP_4\ASTP_4.csproj", "{44FEE37B-B258-400E-92E2-DCFDF3537C0A}"
EndProject
Global
	GlobalSection(SolutionConfigurationPlatforms) = preSolution
		Debug|Any CPU = Debug|Any CPU
	EndGlobalSection
	GlobalSection(ProjectConfigurationPlatforms) = postSolution
		{D82CA0A6-F030-4A32-8B83-0A7EEE480DC0}.Debug|Any CPU.ActiveCfg = Debug|Any CPU
		{D82CA0A6-F030-4A32-8B83-0A7EEE480DC0}.Debug|Any CPU.Build.0 = Debug|Any CPU
		{D0DC3C7B-A506-4CED-B4D7-8BCDDC35506E}.Debug|Any CPU.ActiveCfg = Debug|Any CPU
		{D0DC3C7B-A506-4CED-B4D7-8BCDDC35506E}.Debug|Any CPU.Build.0 = Debug|Any CPU
		{F83ED6B8-C08C-4B80-9053-22E274507624}.Debug|Any CPU.ActiveCfg = Debug|Any CPU
		{F83ED6B8-C08C-4B80-9053-22E274507624}.Debug|Any CPU.Build.0 = Debug|Any CPU
		{44FEE37B-B258-400E-92E2-DCFDF3537C0A}.Debug|Any CPU.ActiveCfg = Debug|Any CPU
		{44FEE37B-B258-400E-92E2-DCFDF3537C0A}.Debug|Any CPU.Build.0 = Debug|Any CPU
	EndGlobalSection
	GlobalSection(SolutionProperties) = preSolution
		HideSolutionNode = FALSE
	EndGlobalSection
	GlobalSection(ExtensibilityGlobals) = postSolution
		SolutionGuid = {EAD1ADDD-20EE-4F16-BEE6-1A82E18F3F73}
	EndGlobalSection
EndGlobal
