Microsoft Visual Studio Solution File, Format Version 12.00
# Visual Studio 15
VisualStudioVersion = 15.0.26730.12
MinimumVisualStudioVersion = 15.0.26730.12
Project("{9A19103F-16F7-4668-BE54-9A1E7A4F7556}") = "Bond_1", "Bond_1\Bond_1.csproj", "{100E3F2F-409C-4E7F-AEAD-599179DC0C69}"
EndProject
Project("{9A19103F-16F7-4668-BE54-9A1E7A4F7556}") = "Bond_2", "Bond_2\Bond_2.csproj", "{4FA32330-B900-4556-8767-A94FE18A2516}"
EndProject
Global
	GlobalSection(SolutionConfigurationPlatforms) = preSolution
		Debug|Any CPU = Debug|Any CPU
	EndGlobalSection
	GlobalSection(ProjectConfigurationPlatforms) = postSolution
		{100E3F2F-409C-4E7F-AEAD-599179DC0C69}.Debug|Any CPU.ActiveCfg = Debug|Any CPU
		{100E3F2F-409C-4E7F-AEAD-599179DC0C69}.Debug|Any CPU.Build.0 = Debug|Any CPU
		{E09367BC-D5C4-4A41-B5CA-DFE533E9D879}.Debug|Any CPU.ActiveCfg = Debug|Any CPU
		{E09367BC-D5C4-4A41-B5CA-DFE533E9D879}.Debug|Any CPU.Build.0 = Debug|Any CPU
		{4FA32330-B900-4556-8767-A94FE18A2516}.Debug|Any CPU.ActiveCfg = Debug|Any CPU
		{4FA32330-B900-4556-8767-A94FE18A2516}.Debug|Any CPU.Build.0 = Debug|Any CPU
	EndGlobalSection
	GlobalSection(SolutionProperties) = preSolution
		HideSolutionNode = FALSE
	EndGlobalSection
	GlobalSection(ExtensibilityGlobals) = postSolution
		SolutionGuid = {9DF2CF05-64A9-407E-BD20-00ED596D5DEF}
	EndGlobalSection
EndGlobal
