Microsoft Visual Studio Solution File, Format Version 12.00
# Visual Studio Version 16
VisualStudioVersion = 16.0.29728.190
MinimumVisualStudioVersion = 15.0.26730.12
Project("{A07B5EB6-E848-4116-A8D0-A826331D98C6}") = "ServiceFabricRouting", "ServiceFabricRouting\ServiceFabricRouting.sfproj", "{C5703A62-CF81-4C1A-AE06-213D13721F72}"
EndProject
Project("{9A19103F-16F7-4668-BE54-9A1E7A4F7556}") = "CandidateVoteCount", "CandidateVoteCount\CandidateVoteCount.csproj", "{E426FA6B-61D3-4BDE-86B1-C778F67A9200}"
EndProject
Project("{9A19103F-16F7-4668-BE54-9A1E7A4F7556}") = "ZipCodeVoteCount", "ZipCodeVoteCount\ZipCodeVoteCount.csproj", "{313CA348-F3C4-46C7-AAE9-90C478D47BFB}"
EndProject
Project("{9A19103F-16F7-4668-BE54-9A1E7A4F7556}") = "Contracts", "Contracts\Contracts.csproj", "{D2D5A397-E764-48D9-8C02-BA7EDE62A36D}"
EndProject
Project("{9A19103F-16F7-4668-BE54-9A1E7A4F7556}") = "Voter", "Voter\Voter.csproj", "{999D5A48-DEA0-45E0-AA16-DC6EA7EDBE1C}"
EndProject
Project("{9A19103F-16F7-4668-BE54-9A1E7A4F7556}") = "Shared", "Shared\Shared.csproj", "{8A06709E-003C-47DA-8BE5-861E311E8212}"
EndProject
Global
	GlobalSection(SolutionConfigurationPlatforms) = preSolution
		Debug|x64 = Debug|x64
	EndGlobalSection
	GlobalSection(ProjectConfigurationPlatforms) = postSolution
		{C5703A62-CF81-4C1A-AE06-213D13721F72}.Debug|x64.ActiveCfg = Debug|x64
		{C5703A62-CF81-4C1A-AE06-213D13721F72}.Debug|x64.Build.0 = Debug|x64
		{C5703A62-CF81-4C1A-AE06-213D13721F72}.Debug|x64.Deploy.0 = Debug|x64
		{E426FA6B-61D3-4BDE-86B1-C778F67A9200}.Debug|x64.ActiveCfg = Debug|Any CPU
		{E426FA6B-61D3-4BDE-86B1-C778F67A9200}.Debug|x64.Build.0 = Debug|Any CPU
		{313CA348-F3C4-46C7-AAE9-90C478D47BFB}.Debug|x64.ActiveCfg = Debug|Any CPU
		{313CA348-F3C4-46C7-AAE9-90C478D47BFB}.Debug|x64.Build.0 = Debug|Any CPU
		{D2D5A397-E764-48D9-8C02-BA7EDE62A36D}.Debug|x64.ActiveCfg = Debug|Any CPU
		{D2D5A397-E764-48D9-8C02-BA7EDE62A36D}.Debug|x64.Build.0 = Debug|Any CPU
		{999D5A48-DEA0-45E0-AA16-DC6EA7EDBE1C}.Debug|x64.ActiveCfg = Debug|Any CPU
		{999D5A48-DEA0-45E0-AA16-DC6EA7EDBE1C}.Debug|x64.Build.0 = Debug|Any CPU
		{8A06709E-003C-47DA-8BE5-861E311E8212}.Debug|x64.ActiveCfg = Debug|Any CPU
		{8A06709E-003C-47DA-8BE5-861E311E8212}.Debug|x64.Build.0 = Debug|Any CPU
	EndGlobalSection
	GlobalSection(SolutionProperties) = preSolution
		HideSolutionNode = FALSE
	EndGlobalSection
	GlobalSection(ExtensibilityGlobals) = postSolution
		SolutionGuid = {98E53BB1-0EFE-4D31-A1AA-26F2E0AA0155}
	EndGlobalSection
EndGlobal
