
Microsoft Visual Studio Solution File, Format Version 12.00
# Visual Studio Version 17
VisualStudioVersion = 17.14.36327.8
MinimumVisualStudioVersion = 10.0.40219.1
Project("{FAE04EC0-301F-11D3-BF4B-00C04F79EFBC}") = "AsyncAPI.Feature", "AsyncAPI.Feature\AsyncAPI.Feature.csproj", "{FE00C714-E144-4FA4-9BA4-282783FEEF6F}"
EndProject
Project("{FAE04EC0-301F-11D3-BF4B-00C04F79EFBC}") = "Subscriber", "Subscriber\Subscriber.csproj", "{7E9A2E48-719C-49EF-AA72-0CF7907C2989}"
EndProject
Project("{FAE04EC0-301F-11D3-BF4B-00C04F79EFBC}") = "AsyncAPI.Web", "AsyncAPI.Web\AsyncAPI.Web.csproj", "{B6F7464C-3563-176C-576F-8CC987F4B61B}"
EndProject
Project("{FAE04EC0-301F-11D3-BF4B-00C04F79EFBC}") = "AsyncAPI.GenericHost", "AsyncAPI.GenericHost\AsyncAPI.GenericHost.csproj", "{51A2CC12-08A8-D18B-F798-7B44875794A6}"
EndProject
Global
	GlobalSection(SolutionConfigurationPlatforms) = preSolution
		Debug|Any CPU = Debug|Any CPU
		Release|Any CPU = Release|Any CPU
	EndGlobalSection
	GlobalSection(ProjectConfigurationPlatforms) = postSolution
		{FE00C714-E144-4FA4-9BA4-282783FEEF6F}.Debug|Any CPU.ActiveCfg = Debug|Any CPU
		{FE00C714-E144-4FA4-9BA4-282783FEEF6F}.Debug|Any CPU.Build.0 = Debug|Any CPU
		{FE00C714-E144-4FA4-9BA4-282783FEEF6F}.Release|Any CPU.ActiveCfg = Release|Any CPU
		{FE00C714-E144-4FA4-9BA4-282783FEEF6F}.Release|Any CPU.Build.0 = Release|Any CPU
		{7E9A2E48-719C-49EF-AA72-0CF7907C2989}.Debug|Any CPU.ActiveCfg = Debug|Any CPU
		{7E9A2E48-719C-49EF-AA72-0CF7907C2989}.Debug|Any CPU.Build.0 = Debug|Any CPU
		{7E9A2E48-719C-49EF-AA72-0CF7907C2989}.Release|Any CPU.ActiveCfg = Release|Any CPU
		{7E9A2E48-719C-49EF-AA72-0CF7907C2989}.Release|Any CPU.Build.0 = Release|Any CPU
		{B6F7464C-3563-176C-576F-8CC987F4B61B}.Debug|Any CPU.ActiveCfg = Debug|Any CPU
		{B6F7464C-3563-176C-576F-8CC987F4B61B}.Debug|Any CPU.Build.0 = Debug|Any CPU
		{B6F7464C-3563-176C-576F-8CC987F4B61B}.Release|Any CPU.ActiveCfg = Release|Any CPU
		{B6F7464C-3563-176C-576F-8CC987F4B61B}.Release|Any CPU.Build.0 = Release|Any CPU
		{51A2CC12-08A8-D18B-F798-7B44875794A6}.Debug|Any CPU.ActiveCfg = Debug|Any CPU
		{51A2CC12-08A8-D18B-F798-7B44875794A6}.Debug|Any CPU.Build.0 = Debug|Any CPU
		{51A2CC12-08A8-D18B-F798-7B44875794A6}.Release|Any CPU.ActiveCfg = Release|Any CPU
		{51A2CC12-08A8-D18B-F798-7B44875794A6}.Release|Any CPU.Build.0 = Release|Any CPU
	EndGlobalSection
	GlobalSection(SolutionProperties) = preSolution
		HideSolutionNode = FALSE
	EndGlobalSection
	GlobalSection(ExtensibilityGlobals) = postSolution
		SolutionGuid = {9474F661-EC08-4F40-A7C3-0055E1AEF5B0}
	EndGlobalSection
EndGlobal
