
Microsoft Visual Studio Solution File, Format Version 12.00
# Visual Studio Version 17
VisualStudioVersion = 17.8.34219.65
MinimumVisualStudioVersion = 15.0.26730.12
Project("{9A19103F-16F7-4668-BE54-9A1E7A4F7556}") = "Core_7", "Core_7\Core_7.csproj", "{B3FD8163-201D-4C85-B70F-C96A59CC682A}"
EndProject
Project("{9A19103F-16F7-4668-BE54-9A1E7A4F7556}") = "NonDurablePersistence_1", "NonDurablePersistence_1\NonDurablePersistence_1.csproj", "{624795B0-62BE-49F7-B01E-30C0471F4C8E}"
EndProject
Project("{9A19103F-16F7-4668-BE54-9A1E7A4F7556}") = "NonDurablePersistence_2", "NonDurablePersistence_2\NonDurablePersistence_2.csproj", "{FFDA5F8B-FE3F-4656-BAB5-8B7CE7CAB44B}"
EndProject
Project("{FAE04EC0-301F-11D3-BF4B-00C04F79EFBC}") = "NonDurablePersistence_3", "NonDurablePersistence_3\NonDurablePersistence_3.csproj", "{3A9A9BB8-F8D0-11B4-EE00-1F2C7BE603C7}"
EndProject
Global
	GlobalSection(SolutionConfigurationPlatforms) = preSolution
		Debug|Any CPU = Debug|Any CPU
		Release|Any CPU = Release|Any CPU
	EndGlobalSection
	GlobalSection(ProjectConfigurationPlatforms) = postSolution
		{B3FD8163-201D-4C85-B70F-C96A59CC682A}.Debug|Any CPU.ActiveCfg = Debug|Any CPU
		{B3FD8163-201D-4C85-B70F-C96A59CC682A}.Debug|Any CPU.Build.0 = Debug|Any CPU
		{B3FD8163-201D-4C85-B70F-C96A59CC682A}.Release|Any CPU.ActiveCfg = Release|Any CPU
		{B3FD8163-201D-4C85-B70F-C96A59CC682A}.Release|Any CPU.Build.0 = Release|Any CPU
		{624795B0-62BE-49F7-B01E-30C0471F4C8E}.Debug|Any CPU.ActiveCfg = Debug|Any CPU
		{624795B0-62BE-49F7-B01E-30C0471F4C8E}.Debug|Any CPU.Build.0 = Debug|Any CPU
		{624795B0-62BE-49F7-B01E-30C0471F4C8E}.Release|Any CPU.ActiveCfg = Release|Any CPU
		{624795B0-62BE-49F7-B01E-30C0471F4C8E}.Release|Any CPU.Build.0 = Release|Any CPU
		{FFDA5F8B-FE3F-4656-BAB5-8B7CE7CAB44B}.Debug|Any CPU.ActiveCfg = Debug|Any CPU
		{FFDA5F8B-FE3F-4656-BAB5-8B7CE7CAB44B}.Debug|Any CPU.Build.0 = Debug|Any CPU
		{FFDA5F8B-FE3F-4656-BAB5-8B7CE7CAB44B}.Release|Any CPU.ActiveCfg = Release|Any CPU
		{FFDA5F8B-FE3F-4656-BAB5-8B7CE7CAB44B}.Release|Any CPU.Build.0 = Release|Any CPU
		{3A9A9BB8-F8D0-11B4-EE00-1F2C7BE603C7}.Debug|Any CPU.ActiveCfg = Debug|Any CPU
		{3A9A9BB8-F8D0-11B4-EE00-1F2C7BE603C7}.Debug|Any CPU.Build.0 = Debug|Any CPU
		{3A9A9BB8-F8D0-11B4-EE00-1F2C7BE603C7}.Release|Any CPU.ActiveCfg = Release|Any CPU
		{3A9A9BB8-F8D0-11B4-EE00-1F2C7BE603C7}.Release|Any CPU.Build.0 = Release|Any CPU
	EndGlobalSection
	GlobalSection(SolutionProperties) = preSolution
		HideSolutionNode = FALSE
	EndGlobalSection
	GlobalSection(ExtensibilityGlobals) = postSolution
		SolutionGuid = {479A2F0B-F232-446A-B2B5-C10111DA5F38}
	EndGlobalSection
EndGlobal
