Microsoft Visual Studio Solution File, Format Version 12.00
# Visual Studio 15
VisualStudioVersion = 15.0.26430.04
MinimumVisualStudioVersion = 15.0.26430.04
Project("{9A19103F-16F7-4668-BE54-9A1E7A4F7556}") = "SCTransportAdapterTemplate_1", "SCTransportAdapterTemplate_1\SCTransportAdapterTemplate_1.csproj", "{C9EAE385-2EBD-4123-9A81-B1BB02B303C7}"
EndProject
Global
	GlobalSection(SolutionConfigurationPlatforms) = preSolution
		Debug|Any CPU = Debug|Any CPU
	EndGlobalSection
	GlobalSection(ProjectConfigurationPlatforms) = postSolution
		{C9EAE385-2EBD-4123-9A81-B1BB02B303C7}.Debug|Any CPU.ActiveCfg = Debug|Any CPU
		{C9EAE385-2EBD-4123-9A81-B1BB02B303C7}.Debug|Any CPU.Build.0 = Debug|Any CPU
	EndGlobalSection
	GlobalSection(SolutionProperties) = preSolution
		HideSolutionNode = FALSE
	EndGlobalSection
EndGlobal
