Microsoft Visual Studio Solution File, Format Version 12.00
# Visual Studio 15
VisualStudioVersion = 15.0.26730.12
MinimumVisualStudioVersion = 15.0.26730.12
Project("{9A19103F-16F7-4668-BE54-9A1E7A4F7556}") = "SqlHttpPassthrough_2", "SqlHttpPassthrough_2\SqlHttpPassthrough_2.csproj", "{179C2C21-E799-41F2-9154-EDCCE165B1DD}"
EndProject
Global
	GlobalSection(SolutionConfigurationPlatforms) = preSolution
		Debug|Any CPU = Debug|Any CPU
		Release|Any CPU = Release|Any CPU
	EndGlobalSection
	GlobalSection(ProjectConfigurationPlatforms) = postSolution
		{179C2C21-E799-41F2-9154-EDCCE165B1DD}.Debug|Any CPU.ActiveCfg = Debug|Any CPU
		{179C2C21-E799-41F2-9154-EDCCE165B1DD}.Debug|Any CPU.Build.0 = Debug|Any CPU
		{179C2C21-E799-41F2-9154-EDCCE165B1DD}.Release|Any CPU.ActiveCfg = Release|Any CPU
		{179C2C21-E799-41F2-9154-EDCCE165B1DD}.Release|Any CPU.Build.0 = Release|Any CPU
	EndGlobalSection
	GlobalSection(SolutionProperties) = preSolution
		HideSolutionNode = FALSE
	EndGlobalSection
	GlobalSection(ExtensibilityGlobals) = postSolution
		SolutionGuid = {B63C7466-06A5-4F61-A811-051BA350307D}
	EndGlobalSection
EndGlobal
