Microsoft Visual Studio Solution File, Format Version 12.00
# Visual Studio Version 17
VisualStudioVersion = 17.3.32929.385
MinimumVisualStudioVersion = 15.0.26730.12
Project("{9A19103F-16F7-4668-BE54-9A1E7A4F7556}") = "ASQ_8", "ASQ_8\ASQ_8.csproj", "{2E1597FF-7427-4228-88F7-77634AA72DC2}"
EndProject
Project("{9A19103F-16F7-4668-BE54-9A1E7A4F7556}") = "ASQN_9", "ASQN_9\ASQN_9.csproj", "{C7C7DD68-94CC-4526-A6C0-85FFEF9C5098}"
EndProject
Project("{9A19103F-16F7-4668-BE54-9A1E7A4F7556}") = "ASQN_10", "ASQN_10\ASQN_10.csproj", "{CA6D1E5E-146F-423C-935E-8A27C5AB17FA}"
EndProject
Project("{9A19103F-16F7-4668-BE54-9A1E7A4F7556}") = "ASQN_11", "ASQN_11\ASQN_11.csproj", "{8A9DBCC7-8E83-4315-8BA7-AF94540DCFE1}"
EndProject
Project("{9A19103F-16F7-4668-BE54-9A1E7A4F7556}") = "ASQN_12", "ASQN_12\ASQN_12.csproj", "{7F6F0BC6-8930-475C-92C0-5F61FFE0A39C}"
EndProject
Project("{9A19103F-16F7-4668-BE54-9A1E7A4F7556}") = "ASQN_13", "ASQN_13\ASQN_13.csproj", "{A31FAF01-8E16-4F8D-906C-A3F66FB0BB1F}"
EndProject
Project("{FAE04EC0-301F-11D3-BF4B-00C04F79EFBC}") = "ASQN_14", "ASQN_14\ASQN_14.csproj", "{892659D4-26C6-218C-405B-0976A1E56654}"
EndProject
Global
	GlobalSection(SolutionConfigurationPlatforms) = preSolution
		Debug|Any CPU = Debug|Any CPU
		Release|Any CPU = Release|Any CPU
	EndGlobalSection
	GlobalSection(ProjectConfigurationPlatforms) = postSolution
		{2E1597FF-7427-4228-88F7-77634AA72DC2}.Debug|Any CPU.ActiveCfg = Debug|Any CPU
		{2E1597FF-7427-4228-88F7-77634AA72DC2}.Debug|Any CPU.Build.0 = Debug|Any CPU
		{2E1597FF-7427-4228-88F7-77634AA72DC2}.Release|Any CPU.ActiveCfg = Release|Any CPU
		{2E1597FF-7427-4228-88F7-77634AA72DC2}.Release|Any CPU.Build.0 = Release|Any CPU
		{C7C7DD68-94CC-4526-A6C0-85FFEF9C5098}.Debug|Any CPU.ActiveCfg = Debug|Any CPU
		{C7C7DD68-94CC-4526-A6C0-85FFEF9C5098}.Debug|Any CPU.Build.0 = Debug|Any CPU
		{C7C7DD68-94CC-4526-A6C0-85FFEF9C5098}.Release|Any CPU.ActiveCfg = Release|Any CPU
		{C7C7DD68-94CC-4526-A6C0-85FFEF9C5098}.Release|Any CPU.Build.0 = Release|Any CPU
		{CA6D1E5E-146F-423C-935E-8A27C5AB17FA}.Debug|Any CPU.ActiveCfg = Debug|Any CPU
		{CA6D1E5E-146F-423C-935E-8A27C5AB17FA}.Debug|Any CPU.Build.0 = Debug|Any CPU
		{CA6D1E5E-146F-423C-935E-8A27C5AB17FA}.Release|Any CPU.ActiveCfg = Release|Any CPU
		{CA6D1E5E-146F-423C-935E-8A27C5AB17FA}.Release|Any CPU.Build.0 = Release|Any CPU
		{8A9DBCC7-8E83-4315-8BA7-AF94540DCFE1}.Debug|Any CPU.ActiveCfg = Debug|Any CPU
		{8A9DBCC7-8E83-4315-8BA7-AF94540DCFE1}.Debug|Any CPU.Build.0 = Debug|Any CPU
		{8A9DBCC7-8E83-4315-8BA7-AF94540DCFE1}.Release|Any CPU.ActiveCfg = Release|Any CPU
		{8A9DBCC7-8E83-4315-8BA7-AF94540DCFE1}.Release|Any CPU.Build.0 = Release|Any CPU
		{7F6F0BC6-8930-475C-92C0-5F61FFE0A39C}.Debug|Any CPU.ActiveCfg = Debug|Any CPU
		{7F6F0BC6-8930-475C-92C0-5F61FFE0A39C}.Debug|Any CPU.Build.0 = Debug|Any CPU
		{7F6F0BC6-8930-475C-92C0-5F61FFE0A39C}.Release|Any CPU.ActiveCfg = Release|Any CPU
		{7F6F0BC6-8930-475C-92C0-5F61FFE0A39C}.Release|Any CPU.Build.0 = Release|Any CPU
		{A31FAF01-8E16-4F8D-906C-A3F66FB0BB1F}.Debug|Any CPU.ActiveCfg = Debug|Any CPU
		{A31FAF01-8E16-4F8D-906C-A3F66FB0BB1F}.Debug|Any CPU.Build.0 = Debug|Any CPU
		{A31FAF01-8E16-4F8D-906C-A3F66FB0BB1F}.Release|Any CPU.ActiveCfg = Release|Any CPU
		{A31FAF01-8E16-4F8D-906C-A3F66FB0BB1F}.Release|Any CPU.Build.0 = Release|Any CPU
		{892659D4-26C6-218C-405B-0976A1E56654}.Debug|Any CPU.ActiveCfg = Debug|Any CPU
		{892659D4-26C6-218C-405B-0976A1E56654}.Debug|Any CPU.Build.0 = Debug|Any CPU
		{892659D4-26C6-218C-405B-0976A1E56654}.Release|Any CPU.ActiveCfg = Release|Any CPU
		{892659D4-26C6-218C-405B-0976A1E56654}.Release|Any CPU.Build.0 = Release|Any CPU
	EndGlobalSection
	GlobalSection(SolutionProperties) = preSolution
		HideSolutionNode = FALSE
	EndGlobalSection
	GlobalSection(ExtensibilityGlobals) = postSolution
		SolutionGuid = {D1B0590C-11C3-423E-B640-88581D6ADBCD}
	EndGlobalSection
EndGlobal
