Microsoft Visual Studio Solution File, Format Version 12.00
# Visual Studio Version 16
VisualStudioVersion = 16.0.29728.190
MinimumVisualStudioVersion = 15.0.26730.12
Project("{9A19103F-16F7-4668-BE54-9A1E7A4F7556}") = "Sample", "Sample\Sample.csproj", "{6E6C9C2A-8D9B-41AF-B5E5-1AF5310686E7}"
EndProject
Project("{9A19103F-16F7-4668-BE54-9A1E7A4F7556}") = "SampleAutofac", "SampleAutofac\SampleAutofac.csproj", "{6FA6EAAD-E749-4511-BBA9-DB5709835195}"
EndProject
Global
	GlobalSection(SolutionConfigurationPlatforms) = preSolution
		Debug|Any CPU = Debug|Any CPU
	EndGlobalSection
	GlobalSection(ProjectConfigurationPlatforms) = postSolution
		{6E6C9C2A-8D9B-41AF-B5E5-1AF5310686E7}.Debug|Any CPU.ActiveCfg = Debug|Any CPU
		{6E6C9C2A-8D9B-41AF-B5E5-1AF5310686E7}.Debug|Any CPU.Build.0 = Debug|Any CPU
		{6FA6EAAD-E749-4511-BBA9-DB5709835195}.Debug|Any CPU.ActiveCfg = Debug|Any CPU
		{6FA6EAAD-E749-4511-BBA9-DB5709835195}.Debug|Any CPU.Build.0 = Debug|Any CPU
	EndGlobalSection
	GlobalSection(SolutionProperties) = preSolution
		HideSolutionNode = FALSE
	EndGlobalSection
	GlobalSection(ExtensibilityGlobals) = postSolution
		SolutionGuid = {0D70AFFA-DAF9-43E5-AA4A-59BA214FD0A9}
	EndGlobalSection
EndGlobal
