Microsoft Visual Studio Solution File, Format Version 12.00
# Visual Studio 15
VisualStudioVersion = 15.0.26730.15
MinimumVisualStudioVersion = 15.0.26730.12
Project("{9A19103F-16F7-4668-BE54-9A1E7A4F7556}") = "MetricsServiceControl_1", "MetricsServiceControl_1\MetricsServiceControl_1.csproj", "{EFDD4C02-B328-462B-A6CC-2C6ED66D801E}"
EndProject
Project("{9A19103F-16F7-4668-BE54-9A1E7A4F7556}") = "MetricsServiceControl_2", "MetricsServiceControl_2\MetricsServiceControl_2.csproj", "{B38DCBF6-BD74-419B-A725-4DED4715BC53}"
EndProject
Project("{9A19103F-16F7-4668-BE54-9A1E7A4F7556}") = "MetricsServiceControl_3", "MetricsServiceControl_3\MetricsServiceControl_3.csproj", "{B157EB55-7E46-46CA-9A39-29028520F908}"
EndProject
Global
	GlobalSection(SolutionConfigurationPlatforms) = preSolution
		Debug|Any CPU = Debug|Any CPU
	EndGlobalSection
	GlobalSection(ProjectConfigurationPlatforms) = postSolution
		{EFDD4C02-B328-462B-A6CC-2C6ED66D801E}.Debug|Any CPU.ActiveCfg = Debug|Any CPU
		{EFDD4C02-B328-462B-A6CC-2C6ED66D801E}.Debug|Any CPU.Build.0 = Debug|Any CPU
		{B38DCBF6-BD74-419B-A725-4DED4715BC53}.Debug|Any CPU.ActiveCfg = Debug|Any CPU
		{B38DCBF6-BD74-419B-A725-4DED4715BC53}.Debug|Any CPU.Build.0 = Debug|Any CPU
		{B157EB55-7E46-46CA-9A39-29028520F908}.Debug|Any CPU.ActiveCfg = Debug|Any CPU
		{B157EB55-7E46-46CA-9A39-29028520F908}.Debug|Any CPU.Build.0 = Debug|Any CPU
	EndGlobalSection
	GlobalSection(SolutionProperties) = preSolution
		HideSolutionNode = FALSE
	EndGlobalSection
	GlobalSection(ExtensibilityGlobals) = postSolution
		SolutionGuid = {26A53F7F-D9DC-44BE-A9A9-1CEB120A8A7C}
	EndGlobalSection
EndGlobal
