Microsoft Visual Studio Solution File, Format Version 12.00
# Visual Studio 15
VisualStudioVersion = 15.0.26730.12
MinimumVisualStudioVersion = 15.0.26730.12
Project("{9A19103F-16F7-4668-BE54-9A1E7A4F7556}") = "SenderAndReceiver", "SenderAndReceiver\SenderAndReceiver.csproj", "{8494E3F2-967B-40AF-9D90-E8EC526B1EDB}"
EndProject
Project("{9A19103F-16F7-4668-BE54-9A1E7A4F7556}") = "DataBusBlobCleanupFunctions", "DataBusBlobCleanupFunctions\DataBusBlobCleanupFunctions.csproj", "{5FA80360-8BFA-46D0-8946-BA2B9E67BA7E}"
EndProject
Global
	GlobalSection(SolutionConfigurationPlatforms) = preSolution
		Debug|Any CPU = Debug|Any CPU
	EndGlobalSection
	GlobalSection(ProjectConfigurationPlatforms) = postSolution
		{8494E3F2-967B-40AF-9D90-E8EC526B1EDB}.Debug|Any CPU.ActiveCfg = Debug|Any CPU
		{8494E3F2-967B-40AF-9D90-E8EC526B1EDB}.Debug|Any CPU.Build.0 = Debug|Any CPU
		{5FA80360-8BFA-46D0-8946-BA2B9E67BA7E}.Debug|Any CPU.ActiveCfg = Debug|Any CPU
		{5FA80360-8BFA-46D0-8946-BA2B9E67BA7E}.Debug|Any CPU.Build.0 = Debug|Any CPU
	EndGlobalSection
	GlobalSection(SolutionProperties) = preSolution
		HideSolutionNode = FALSE
	EndGlobalSection
	GlobalSection(ExtensibilityGlobals) = postSolution
		SolutionGuid = {17B694BF-D3E0-48D7-ACF7-763BA7BA16CF}
	EndGlobalSection
EndGlobal
