
Microsoft Visual Studio Solution File, Format Version 12.00
# Visual Studio 2013
VisualStudioVersion = 12.0.31101.0
MinimumVisualStudioVersion = 10.0.40219.1
Project("{2150E333-8FDC-42A3-9474-1A3956D46DE8}") = "Version_4", "Version_4", "{5465563E-F910-461F-B4E5-7057307702BB}"
EndProject
Project("{2150E333-8FDC-42A3-9474-1A3956D46DE8}") = "Version_3_3", "Version_3_3", "{1A24B36C-90AB-4291-9DD8-CA024BDB9963}"
EndProject
Project("{FAE04EC0-301F-11D3-BF4B-00C04F79EFBC}") = "Sample", "Version_5\Sample.csproj", "{9989CB04-9B1C-4011-9CF1-8C7E7227AFFE}"
EndProject
Project("{FAE04EC0-301F-11D3-BF4B-00C04F79EFBC}") = "Sample", "Version_4\Sample.csproj", "{FAA2FC1D-4554-4AA7-8D5A-334DC8AB601C}"
EndProject
Project("{FAE04EC0-301F-11D3-BF4B-00C04F79EFBC}") = "Sample", "Version_3_3\Sample.csproj", "{B3B10483-C5FA-4131-854B-0F174FC7770C}"
EndProject
Project("{2150E333-8FDC-42A3-9474-1A3956D46DE8}") = "Version_5", "Version_5", "{C4FB75A3-B062-47A8-9CCD-BEE9F17FEA4E}"
EndProject
Global
	GlobalSection(SolutionConfigurationPlatforms) = preSolution
		Debug|Any CPU = Debug|Any CPU
		Release|Any CPU = Release|Any CPU
	EndGlobalSection
	GlobalSection(ProjectConfigurationPlatforms) = postSolution
		{9989CB04-9B1C-4011-9CF1-8C7E7227AFFE}.Debug|Any CPU.ActiveCfg = Debug|Any CPU
		{9989CB04-9B1C-4011-9CF1-8C7E7227AFFE}.Debug|Any CPU.Build.0 = Debug|Any CPU
		{9989CB04-9B1C-4011-9CF1-8C7E7227AFFE}.Release|Any CPU.ActiveCfg = Release|Any CPU
		{9989CB04-9B1C-4011-9CF1-8C7E7227AFFE}.Release|Any CPU.Build.0 = Release|Any CPU
		{FAA2FC1D-4554-4AA7-8D5A-334DC8AB601C}.Debug|Any CPU.ActiveCfg = Debug|Any CPU
		{FAA2FC1D-4554-4AA7-8D5A-334DC8AB601C}.Debug|Any CPU.Build.0 = Debug|Any CPU
		{FAA2FC1D-4554-4AA7-8D5A-334DC8AB601C}.Release|Any CPU.ActiveCfg = Release|Any CPU
		{FAA2FC1D-4554-4AA7-8D5A-334DC8AB601C}.Release|Any CPU.Build.0 = Release|Any CPU
		{B3B10483-C5FA-4131-854B-0F174FC7770C}.Debug|Any CPU.ActiveCfg = Debug|Any CPU
		{B3B10483-C5FA-4131-854B-0F174FC7770C}.Debug|Any CPU.Build.0 = Debug|Any CPU
		{B3B10483-C5FA-4131-854B-0F174FC7770C}.Release|Any CPU.ActiveCfg = Release|Any CPU
		{B3B10483-C5FA-4131-854B-0F174FC7770C}.Release|Any CPU.Build.0 = Release|Any CPU
	EndGlobalSection
	GlobalSection(SolutionProperties) = preSolution
		HideSolutionNode = FALSE
	EndGlobalSection
	GlobalSection(NestedProjects) = preSolution
		{9989CB04-9B1C-4011-9CF1-8C7E7227AFFE} = {C4FB75A3-B062-47A8-9CCD-BEE9F17FEA4E}
		{FAA2FC1D-4554-4AA7-8D5A-334DC8AB601C} = {5465563E-F910-461F-B4E5-7057307702BB}
		{B3B10483-C5FA-4131-854B-0F174FC7770C} = {1A24B36C-90AB-4291-9DD8-CA024BDB9963}
	EndGlobalSection
EndGlobal
