
Microsoft Visual Studio Solution File, Format Version 12.00
# Visual Studio 15
MinimumVisualStudioVersion = 15.0.26430.04
MinimumVisualStudioVersion = 15.0.26430.04
Project("{CC5FD16D-436D-48AD-A40C-5A424C6E3E79}") = "HostCloudService", "HostCloudService\HostCloudService.ccproj", "{CD8D25E1-7D63-49DE-A109-4ABF98731C24}"
EndProject
Project("{FAE04EC0-301F-11D3-BF4B-00C04F79EFBC}") = "HostWorker", "HostWorker\HostWorker.csproj", "{07FDAC8F-A69D-4A5C-ABA1-DAEC52A649FB}"
EndProject
Project("{FAE04EC0-301F-11D3-BF4B-00C04F79EFBC}") = "Sender", "Sender\Sender.csproj", "{CB35AFED-9727-4523-999A-0D58AA5137FE}"
EndProject
Project("{FAE04EC0-301F-11D3-BF4B-00C04F79EFBC}") = "Shared", "Shared\Shared.csproj", "{07BC8092-EE47-4242-B39D-AB77D02AC67B}"
EndProject
Project("{FAE04EC0-301F-11D3-BF4B-00C04F79EFBC}") = "Receiver", "Receiver\Receiver.csproj", "{16542897-4807-4486-A392-C778FC616951}"
EndProject
Global
	GlobalSection(SolutionConfigurationPlatforms) = preSolution
		Debug|Any CPU = Debug|Any CPU
	EndGlobalSection
	GlobalSection(ProjectConfigurationPlatforms) = postSolution
		{CD8D25E1-7D63-49DE-A109-4ABF98731C24}.Debug|Any CPU.ActiveCfg = Debug|Any CPU
		{CD8D25E1-7D63-49DE-A109-4ABF98731C24}.Debug|Any CPU.Build.0 = Debug|Any CPU
		{07FDAC8F-A69D-4A5C-ABA1-DAEC52A649FB}.Debug|Any CPU.ActiveCfg = Debug|Any CPU
		{07FDAC8F-A69D-4A5C-ABA1-DAEC52A649FB}.Debug|Any CPU.Build.0 = Debug|Any CPU
		{CB35AFED-9727-4523-999A-0D58AA5137FE}.Debug|Any CPU.ActiveCfg = Debug|Any CPU
		{CB35AFED-9727-4523-999A-0D58AA5137FE}.Debug|Any CPU.Build.0 = Debug|Any CPU
		{07BC8092-EE47-4242-B39D-AB77D02AC67B}.Debug|Any CPU.ActiveCfg = Debug|Any CPU
		{07BC8092-EE47-4242-B39D-AB77D02AC67B}.Debug|Any CPU.Build.0 = Debug|Any CPU
		{16542897-4807-4486-A392-C778FC616951}.Debug|Any CPU.ActiveCfg = Debug|Any CPU
		{16542897-4807-4486-A392-C778FC616951}.Debug|Any CPU.Build.0 = Debug|Any CPU
	EndGlobalSection
	GlobalSection(SolutionProperties) = preSolution
		HideSolutionNode = FALSE
	EndGlobalSection
EndGlobal
