
Microsoft Visual Studio Solution File, Format Version 12.00
# Visual Studio 15
VisualStudioVersion = 15.0.26430.04
MinimumVisualStudioVersion = 15.0.26430.04
Project("{FAE04EC0-301F-11D3-BF4B-00C04F79EFBC}") = "Sample", "Sample\Sample.csproj", "{FAA2FC1D-4554-4AA7-8D5A-334DC8AB601C}"
EndProject
Project("{FAE04EC0-301F-11D3-BF4B-00C04F79EFBC}") = "3rdPartySystem", "3rdPartySystem\3rdPartySystem.csproj", "{6D5CB974-898B-4AD7-83FB-79C4477449FB}"
EndProject
Global
	GlobalSection(SolutionConfigurationPlatforms) = preSolution
		Debug|Any CPU = Debug|Any CPU
	EndGlobalSection
	GlobalSection(ProjectConfigurationPlatforms) = postSolution
		{FAA2FC1D-4554-4AA7-8D5A-334DC8AB601C}.Debug|Any CPU.ActiveCfg = Debug|Any CPU
		{FAA2FC1D-4554-4AA7-8D5A-334DC8AB601C}.Debug|Any CPU.Build.0 = Debug|Any CPU
		{6D5CB974-898B-4AD7-83FB-79C4477449FB}.Debug|Any CPU.ActiveCfg = Debug|Any CPU
		{6D5CB974-898B-4AD7-83FB-79C4477449FB}.Debug|Any CPU.Build.0 = Debug|Any CPU
	EndGlobalSection
	GlobalSection(SolutionProperties) = preSolution
		HideSolutionNode = FALSE
	EndGlobalSection
EndGlobal
