Microsoft Visual Studio Solution File, Format Version 12.00
# Visual Studio Version 17
VisualStudioVersion = 17.2.32602.215
MinimumVisualStudioVersion = 15.0.26730.12
Project("{9A19103F-16F7-4668-BE54-9A1E7A4F7556}") = "AzureTableTS_3", "AzureTableTS_3\AzureTableTS_3.csproj", "{703177AF-6835-4C67-81A2-515F58BAFEC8}"
EndProject
Project("{9A19103F-16F7-4668-BE54-9A1E7A4F7556}") = "AzureTableTS_4", "AzureTableTS_4\AzureTableTS_4.csproj", "{4673B6F5-E549-46FC-A47A-650FDDCC9E22}"
EndProject
Project("{FAE04EC0-301F-11D3-BF4B-00C04F79EFBC}") = "AzureTableTS_5", "AzureTableTS_5\AzureTableTS_5.csproj", "{A55A93D9-AD46-41FD-8321-8909E534C04E}"
EndProject
Project("{FAE04EC0-301F-11D3-BF4B-00C04F79EFBC}") = "AzureTableTS_6", "AzureTableTS_6\AzureTableTS_6.csproj", "{8F2D0AA2-6D7A-4415-ACAC-2A22AE53C098}"
EndProject
Project("{FAE04EC0-301F-11D3-BF4B-00C04F79EFBC}") = "AzureTableTS_7", "AzureTableTS_7\AzureTableTS_7.csproj", "{54E355EF-BCA9-4DCF-B209-A91C0D4A027A}"
EndProject
Global
	GlobalSection(SolutionConfigurationPlatforms) = preSolution
		Debug|Any CPU = Debug|Any CPU
		Debug|x64 = Debug|x64
		Debug|x86 = Debug|x86
		Release|Any CPU = Release|Any CPU
		Release|x64 = Release|x64
		Release|x86 = Release|x86
	EndGlobalSection
	GlobalSection(ProjectConfigurationPlatforms) = postSolution
		{703177AF-6835-4C67-81A2-515F58BAFEC8}.Debug|Any CPU.ActiveCfg = Debug|Any CPU
		{703177AF-6835-4C67-81A2-515F58BAFEC8}.Debug|Any CPU.Build.0 = Debug|Any CPU
		{703177AF-6835-4C67-81A2-515F58BAFEC8}.Debug|x64.ActiveCfg = Debug|Any CPU
		{703177AF-6835-4C67-81A2-515F58BAFEC8}.Debug|x64.Build.0 = Debug|Any CPU
		{703177AF-6835-4C67-81A2-515F58BAFEC8}.Debug|x86.ActiveCfg = Debug|Any CPU
		{703177AF-6835-4C67-81A2-515F58BAFEC8}.Debug|x86.Build.0 = Debug|Any CPU
		{703177AF-6835-4C67-81A2-515F58BAFEC8}.Release|Any CPU.ActiveCfg = Release|Any CPU
		{703177AF-6835-4C67-81A2-515F58BAFEC8}.Release|Any CPU.Build.0 = Release|Any CPU
		{703177AF-6835-4C67-81A2-515F58BAFEC8}.Release|x64.ActiveCfg = Release|Any CPU
		{703177AF-6835-4C67-81A2-515F58BAFEC8}.Release|x64.Build.0 = Release|Any CPU
		{703177AF-6835-4C67-81A2-515F58BAFEC8}.Release|x86.ActiveCfg = Release|Any CPU
		{703177AF-6835-4C67-81A2-515F58BAFEC8}.Release|x86.Build.0 = Release|Any CPU
		{4673B6F5-E549-46FC-A47A-650FDDCC9E22}.Debug|Any CPU.ActiveCfg = Debug|Any CPU
		{4673B6F5-E549-46FC-A47A-650FDDCC9E22}.Debug|Any CPU.Build.0 = Debug|Any CPU
		{4673B6F5-E549-46FC-A47A-650FDDCC9E22}.Debug|x64.ActiveCfg = Debug|Any CPU
		{4673B6F5-E549-46FC-A47A-650FDDCC9E22}.Debug|x64.Build.0 = Debug|Any CPU
		{4673B6F5-E549-46FC-A47A-650FDDCC9E22}.Debug|x86.ActiveCfg = Debug|Any CPU
		{4673B6F5-E549-46FC-A47A-650FDDCC9E22}.Debug|x86.Build.0 = Debug|Any CPU
		{4673B6F5-E549-46FC-A47A-650FDDCC9E22}.Release|Any CPU.ActiveCfg = Release|Any CPU
		{4673B6F5-E549-46FC-A47A-650FDDCC9E22}.Release|Any CPU.Build.0 = Release|Any CPU
		{4673B6F5-E549-46FC-A47A-650FDDCC9E22}.Release|x64.ActiveCfg = Release|Any CPU
		{4673B6F5-E549-46FC-A47A-650FDDCC9E22}.Release|x64.Build.0 = Release|Any CPU
		{4673B6F5-E549-46FC-A47A-650FDDCC9E22}.Release|x86.ActiveCfg = Release|Any CPU
		{4673B6F5-E549-46FC-A47A-650FDDCC9E22}.Release|x86.Build.0 = Release|Any CPU
		{A55A93D9-AD46-41FD-8321-8909E534C04E}.Debug|Any CPU.ActiveCfg = Debug|Any CPU
		{A55A93D9-AD46-41FD-8321-8909E534C04E}.Debug|Any CPU.Build.0 = Debug|Any CPU
		{A55A93D9-AD46-41FD-8321-8909E534C04E}.Debug|x64.ActiveCfg = Debug|Any CPU
		{A55A93D9-AD46-41FD-8321-8909E534C04E}.Debug|x64.Build.0 = Debug|Any CPU
		{A55A93D9-AD46-41FD-8321-8909E534C04E}.Debug|x86.ActiveCfg = Debug|Any CPU
		{A55A93D9-AD46-41FD-8321-8909E534C04E}.Debug|x86.Build.0 = Debug|Any CPU
		{A55A93D9-AD46-41FD-8321-8909E534C04E}.Release|Any CPU.ActiveCfg = Release|Any CPU
		{A55A93D9-AD46-41FD-8321-8909E534C04E}.Release|Any CPU.Build.0 = Release|Any CPU
		{A55A93D9-AD46-41FD-8321-8909E534C04E}.Release|x64.ActiveCfg = Release|Any CPU
		{A55A93D9-AD46-41FD-8321-8909E534C04E}.Release|x64.Build.0 = Release|Any CPU
		{A55A93D9-AD46-41FD-8321-8909E534C04E}.Release|x86.ActiveCfg = Release|Any CPU
		{A55A93D9-AD46-41FD-8321-8909E534C04E}.Release|x86.Build.0 = Release|Any CPU
		{8F2D0AA2-6D7A-4415-ACAC-2A22AE53C098}.Debug|Any CPU.ActiveCfg = Debug|Any CPU
		{8F2D0AA2-6D7A-4415-ACAC-2A22AE53C098}.Debug|Any CPU.Build.0 = Debug|Any CPU
		{8F2D0AA2-6D7A-4415-ACAC-2A22AE53C098}.Debug|x64.ActiveCfg = Debug|Any CPU
		{8F2D0AA2-6D7A-4415-ACAC-2A22AE53C098}.Debug|x64.Build.0 = Debug|Any CPU
		{8F2D0AA2-6D7A-4415-ACAC-2A22AE53C098}.Debug|x86.ActiveCfg = Debug|Any CPU
		{8F2D0AA2-6D7A-4415-ACAC-2A22AE53C098}.Debug|x86.Build.0 = Debug|Any CPU
		{8F2D0AA2-6D7A-4415-ACAC-2A22AE53C098}.Release|Any CPU.ActiveCfg = Release|Any CPU
		{8F2D0AA2-6D7A-4415-ACAC-2A22AE53C098}.Release|Any CPU.Build.0 = Release|Any CPU
		{8F2D0AA2-6D7A-4415-ACAC-2A22AE53C098}.Release|x64.ActiveCfg = Release|Any CPU
		{8F2D0AA2-6D7A-4415-ACAC-2A22AE53C098}.Release|x64.Build.0 = Release|Any CPU
		{8F2D0AA2-6D7A-4415-ACAC-2A22AE53C098}.Release|x86.ActiveCfg = Release|Any CPU
		{8F2D0AA2-6D7A-4415-ACAC-2A22AE53C098}.Release|x86.Build.0 = Release|Any CPU
		{54E355EF-BCA9-4DCF-B209-A91C0D4A027A}.Debug|Any CPU.ActiveCfg = Debug|Any CPU
		{54E355EF-BCA9-4DCF-B209-A91C0D4A027A}.Debug|Any CPU.Build.0 = Debug|Any CPU
		{54E355EF-BCA9-4DCF-B209-A91C0D4A027A}.Debug|x64.ActiveCfg = Debug|Any CPU
		{54E355EF-BCA9-4DCF-B209-A91C0D4A027A}.Debug|x64.Build.0 = Debug|Any CPU
		{54E355EF-BCA9-4DCF-B209-A91C0D4A027A}.Debug|x86.ActiveCfg = Debug|Any CPU
		{54E355EF-BCA9-4DCF-B209-A91C0D4A027A}.Debug|x86.Build.0 = Debug|Any CPU
		{54E355EF-BCA9-4DCF-B209-A91C0D4A027A}.Release|Any CPU.ActiveCfg = Release|Any CPU
		{54E355EF-BCA9-4DCF-B209-A91C0D4A027A}.Release|Any CPU.Build.0 = Release|Any CPU
		{54E355EF-BCA9-4DCF-B209-A91C0D4A027A}.Release|x64.ActiveCfg = Release|Any CPU
		{54E355EF-BCA9-4DCF-B209-A91C0D4A027A}.Release|x64.Build.0 = Release|Any CPU
		{54E355EF-BCA9-4DCF-B209-A91C0D4A027A}.Release|x86.ActiveCfg = Release|Any CPU
		{54E355EF-BCA9-4DCF-B209-A91C0D4A027A}.Release|x86.Build.0 = Release|Any CPU
	EndGlobalSection
	GlobalSection(SolutionProperties) = preSolution
		HideSolutionNode = FALSE
	EndGlobalSection
	GlobalSection(ExtensibilityGlobals) = postSolution
		SolutionGuid = {E6649FFA-9B94-4546-A49D-3F8667451EF4}
	EndGlobalSection
EndGlobal
