Microsoft Visual Studio Solution File, Format Version 12.00
# Visual Studio Version 16
VisualStudioVersion = 16.0.29728.190
MinimumVisualStudioVersion = 15.0.26730.12
Project("{9A19103F-16F7-4668-BE54-9A1E7A4F7556}") = "Castle_5", "Castle_5\Castle_5.csproj", "{4257EF5F-4E69-479A-BD55-9EB6E4F97129}"
EndProject
Project("{9A19103F-16F7-4668-BE54-9A1E7A4F7556}") = "Castle_6", "Castle_6\Castle_6.csproj", "{D6AE3B59-F47B-4963-8E57-2B0EC4A96D58}"
EndProject
Project("{9A19103F-16F7-4668-BE54-9A1E7A4F7556}") = "Castle_7", "Castle_7\Castle_7.csproj", "{91464EDB-9689-4C19-B6B0-4FD41CA11C81}"
EndProject
Project("{9A19103F-16F7-4668-BE54-9A1E7A4F7556}") = "Extensions.DependencyInjection_1", "Extensions.DependencyInjection_1\Extensions.DependencyInjection_1.csproj", "{B0B3647F-29B7-426D-B6CC-D8B30C91C82B}"
EndProject
Global
	GlobalSection(SolutionConfigurationPlatforms) = preSolution
		Debug|Any CPU = Debug|Any CPU
	EndGlobalSection
	GlobalSection(ProjectConfigurationPlatforms) = postSolution
		{4257EF5F-4E69-479A-BD55-9EB6E4F97129}.Debug|Any CPU.ActiveCfg = Debug|Any CPU
		{4257EF5F-4E69-479A-BD55-9EB6E4F97129}.Debug|Any CPU.Build.0 = Debug|Any CPU
		{D6AE3B59-F47B-4963-8E57-2B0EC4A96D58}.Debug|Any CPU.ActiveCfg = Debug|Any CPU
		{D6AE3B59-F47B-4963-8E57-2B0EC4A96D58}.Debug|Any CPU.Build.0 = Debug|Any CPU
		{91464EDB-9689-4C19-B6B0-4FD41CA11C81}.Debug|Any CPU.ActiveCfg = Debug|Any CPU
		{91464EDB-9689-4C19-B6B0-4FD41CA11C81}.Debug|Any CPU.Build.0 = Debug|Any CPU
		{B0B3647F-29B7-426D-B6CC-D8B30C91C82B}.Debug|Any CPU.ActiveCfg = Debug|Any CPU
		{B0B3647F-29B7-426D-B6CC-D8B30C91C82B}.Debug|Any CPU.Build.0 = Debug|Any CPU
	EndGlobalSection
	GlobalSection(SolutionProperties) = preSolution
		HideSolutionNode = FALSE
	EndGlobalSection
	GlobalSection(ExtensibilityGlobals) = postSolution
		SolutionGuid = {F15A3D09-E02A-41A5-858D-91A4F88E558E}
	EndGlobalSection
EndGlobal
