Microsoft Visual Studio Solution File, Format Version 12.00
# Visual Studio Version 16
VisualStudioVersion = 16.0.29728.190
MinimumVisualStudioVersion = 15.0.26730.12
Project("{FAE04EC0-301F-11D3-BF4B-00C04F79EFBC}") = "Core_10", "Core_10\Core_10.csproj", "{8FAA81F9-B481-4501-9B16-E27FF55E2232}"
EndProject
Global
	GlobalSection(SolutionConfigurationPlatforms) = preSolution
		Debug|Any CPU = Debug|Any CPU
	EndGlobalSection
	GlobalSection(ProjectConfigurationPlatforms) = postSolution
		{8FAA81F9-B481-4501-9B16-E27FF55E2232}.Debug|Any CPU.ActiveCfg = Debug|Any CPU
		{8FAA81F9-B481-4501-9B16-E27FF55E2232}.Debug|Any CPU.Build.0 = Debug|Any CPU
	EndGlobalSection
	GlobalSection(SolutionProperties) = preSolution
		HideSolutionNode = FALSE
	EndGlobalSection
	GlobalSection(ExtensibilityGlobals) = postSolution
		SolutionGuid = {AFA93118-6AF7-4D08-B0AB-37E64E1C862F}
	EndGlobalSection
EndGlobal
