Microsoft Visual Studio Solution File, Format Version 12.00
# Visual Studio Version 17
VisualStudioVersion = 17.2.32630.192
MinimumVisualStudioVersion = 15.0.26730.12
Project("{9A19103F-16F7-4668-BE54-9A1E7A4F7556}") = "SagaAudit_4", "SagaAudit_4\SagaAudit_4.csproj", "{959C48BE-C6D1-438D-BF35-46CFEC175542}"
EndProject
Project("{9A19103F-16F7-4668-BE54-9A1E7A4F7556}") = "SagaAudit_3", "SagaAudit_3\SagaAudit_3.csproj", "{3F8CCABC-0E57-4A99-BC2B-CCC1B0DBF353}"
EndProject
Project("{9A19103F-16F7-4668-BE54-9A1E7A4F7556}") = "SagaAudit_5", "SagaAudit_5\SagaAudit_5.csproj", "{32C50396-F1C8-4F4E-8A56-A8AAA786DFCF}"
EndProject
Project("{FAE04EC0-301F-11D3-BF4B-00C04F79EFBC}") = "SagaAudit_6", "SagaAudit_6\SagaAudit_6.csproj", "{F5E39034-5E27-8336-A0C4-84612AF599FA}"
EndProject
Global
	GlobalSection(SolutionConfigurationPlatforms) = preSolution
		Debug|Any CPU = Debug|Any CPU
		Release|Any CPU = Release|Any CPU
	EndGlobalSection
	GlobalSection(ProjectConfigurationPlatforms) = postSolution
		{959C48BE-C6D1-438D-BF35-46CFEC175542}.Debug|Any CPU.ActiveCfg = Debug|Any CPU
		{959C48BE-C6D1-438D-BF35-46CFEC175542}.Debug|Any CPU.Build.0 = Debug|Any CPU
		{959C48BE-C6D1-438D-BF35-46CFEC175542}.Release|Any CPU.ActiveCfg = Release|Any CPU
		{959C48BE-C6D1-438D-BF35-46CFEC175542}.Release|Any CPU.Build.0 = Release|Any CPU
		{3F8CCABC-0E57-4A99-BC2B-CCC1B0DBF353}.Debug|Any CPU.ActiveCfg = Debug|Any CPU
		{3F8CCABC-0E57-4A99-BC2B-CCC1B0DBF353}.Debug|Any CPU.Build.0 = Debug|Any CPU
		{3F8CCABC-0E57-4A99-BC2B-CCC1B0DBF353}.Release|Any CPU.ActiveCfg = Release|Any CPU
		{3F8CCABC-0E57-4A99-BC2B-CCC1B0DBF353}.Release|Any CPU.Build.0 = Release|Any CPU
		{32C50396-F1C8-4F4E-8A56-A8AAA786DFCF}.Debug|Any CPU.ActiveCfg = Debug|Any CPU
		{32C50396-F1C8-4F4E-8A56-A8AAA786DFCF}.Debug|Any CPU.Build.0 = Debug|Any CPU
		{32C50396-F1C8-4F4E-8A56-A8AAA786DFCF}.Release|Any CPU.ActiveCfg = Release|Any CPU
		{32C50396-F1C8-4F4E-8A56-A8AAA786DFCF}.Release|Any CPU.Build.0 = Release|Any CPU
		{F5E39034-5E27-8336-A0C4-84612AF599FA}.Debug|Any CPU.ActiveCfg = Debug|Any CPU
		{F5E39034-5E27-8336-A0C4-84612AF599FA}.Debug|Any CPU.Build.0 = Debug|Any CPU
		{F5E39034-5E27-8336-A0C4-84612AF599FA}.Release|Any CPU.ActiveCfg = Release|Any CPU
		{F5E39034-5E27-8336-A0C4-84612AF599FA}.Release|Any CPU.Build.0 = Release|Any CPU
	EndGlobalSection
	GlobalSection(SolutionProperties) = preSolution
		HideSolutionNode = FALSE
	EndGlobalSection
	GlobalSection(ExtensibilityGlobals) = postSolution
		SolutionGuid = {5F57235C-D446-4216-918A-CFBE1D8AE10F}
	EndGlobalSection
EndGlobal
