
Microsoft Visual Studio Solution File, Format Version 12.00
# Visual Studio 15
VisualStudioVersion = 15.0.26430.04
MinimumVisualStudioVersion = 15.0.26430.04
Project("{FAE04EC0-301F-11D3-BF4B-00C04F79EFBC}") = "Host_4", "Host_4\Host_4.csproj", "{D50BD1D6-3981-4C56-A353-FDBE012F674C}"
EndProject
Project("{FAE04EC0-301F-11D3-BF4B-00C04F79EFBC}") = "Host_5", "Host_5\Host_5.csproj", "{0BC1A508-E067-4223-AF8C-EA9C3A06071B}"
EndProject
Project("{FAE04EC0-301F-11D3-BF4B-00C04F79EFBC}") = "Host_6", "Host_6\Host_6.csproj", "{62EDEAAA-1E92-478C-AC69-28A0C9940A3E}"
EndProject
Project("{FAE04EC0-301F-11D3-BF4B-00C04F79EFBC}") = "Host_7", "Host_7\Host_7.csproj", "{55F496CB-A58F-4F14-AFFA-626C07621EBE}"
EndProject
Global
	GlobalSection(SolutionConfigurationPlatforms) = preSolution
		Debug|Any CPU = Debug|Any CPU
	EndGlobalSection
	GlobalSection(ProjectConfigurationPlatforms) = postSolution
		{D50BD1D6-3981-4C56-A353-FDBE012F674C}.Debug|Any CPU.ActiveCfg = Debug|Any CPU
		{D50BD1D6-3981-4C56-A353-FDBE012F674C}.Debug|Any CPU.Build.0 = Debug|Any CPU
		{0BC1A508-E067-4223-AF8C-EA9C3A06071B}.Debug|Any CPU.ActiveCfg = Debug|Any CPU
		{0BC1A508-E067-4223-AF8C-EA9C3A06071B}.Debug|Any CPU.Build.0 = Debug|Any CPU
		{62EDEAAA-1E92-478C-AC69-28A0C9940A3E}.Debug|Any CPU.ActiveCfg = Debug|Any CPU
		{62EDEAAA-1E92-478C-AC69-28A0C9940A3E}.Debug|Any CPU.Build.0 = Debug|Any CPU
		{55F496CB-A58F-4F14-AFFA-626C07621EBE}.Debug|Any CPU.ActiveCfg = Debug|Any CPU
		{55F496CB-A58F-4F14-AFFA-626C07621EBE}.Debug|Any CPU.Build.0 = Debug|Any CPU
	EndGlobalSection
	GlobalSection(SolutionProperties) = preSolution
		HideSolutionNode = FALSE
	EndGlobalSection
EndGlobal
