Microsoft Visual Studio Solution File, Format Version 12.00
# Visual Studio Version 16
VisualStudioVersion = 16.0.29728.190
MinimumVisualStudioVersion = 15.0.26730.12
Project("{9A19103F-16F7-4668-BE54-9A1E7A4F7556}") = "Host_8", "Host_8\Host_8.csproj", "{5F950443-E391-44CF-B685-E6DF4CB253F4}"
EndProject
Global
	GlobalSection(SolutionConfigurationPlatforms) = preSolution
		Debug|Any CPU = Debug|Any CPU
	EndGlobalSection
	GlobalSection(ProjectConfigurationPlatforms) = postSolution
		{5F950443-E391-44CF-B685-E6DF4CB253F4}.Debug|Any CPU.ActiveCfg = Debug|Any CPU
		{5F950443-E391-44CF-B685-E6DF4CB253F4}.Debug|Any CPU.Build.0 = Debug|Any CPU
	EndGlobalSection
	GlobalSection(SolutionProperties) = preSolution
		HideSolutionNode = FALSE
	EndGlobalSection
	GlobalSection(ExtensibilityGlobals) = postSolution
		SolutionGuid = {AD9ED9D5-4FB1-453D-8C83-A3073F24C642}
	EndGlobalSection
EndGlobal
