Microsoft Visual Studio Solution File, Format Version 12.00
# Visual Studio 15
VisualStudioVersion = 15.0.26730.12
MinimumVisualStudioVersion = 15.0.26730.12
Project("{9A19103F-16F7-4668-BE54-9A1E7A4F7556}") = "Sender.Core", "Sender\Sender.Core.csproj", "{D04CF1FC-C4C0-4959-A817-2BC68770CA9B}"
EndProject
Project("{9A19103F-16F7-4668-BE54-9A1E7A4F7556}") = "Receiver.Core", "Receiver\Receiver.Core.csproj", "{6987F415-B4D5-4380-ADED-EED5AF170608}"
EndProject
Project("{9A19103F-16F7-4668-BE54-9A1E7A4F7556}") = "Shared.Core", "Shared\Shared.Core.csproj", "{E4A4B35E-AFD3-456C-A5AC-4A88AAD77156}"
EndProject
Global
	GlobalSection(SolutionConfigurationPlatforms) = preSolution
		Debug|Any CPU = Debug|Any CPU
	EndGlobalSection
	GlobalSection(ProjectConfigurationPlatforms) = postSolution
		{D04CF1FC-C4C0-4959-A817-2BC68770CA9B}.Debug|Any CPU.ActiveCfg = Debug|Any CPU
		{D04CF1FC-C4C0-4959-A817-2BC68770CA9B}.Debug|Any CPU.Build.0 = Debug|Any CPU
		{6987F415-B4D5-4380-ADED-EED5AF170608}.Debug|Any CPU.ActiveCfg = Debug|Any CPU
		{6987F415-B4D5-4380-ADED-EED5AF170608}.Debug|Any CPU.Build.0 = Debug|Any CPU
		{E4A4B35E-AFD3-456C-A5AC-4A88AAD77156}.Debug|Any CPU.ActiveCfg = Debug|Any CPU
		{E4A4B35E-AFD3-456C-A5AC-4A88AAD77156}.Debug|Any CPU.Build.0 = Debug|Any CPU
	EndGlobalSection
	GlobalSection(SolutionProperties) = preSolution
		HideSolutionNode = FALSE
	EndGlobalSection
	GlobalSection(ExtensibilityGlobals) = postSolution
		SolutionGuid = {9FC835CD-F822-471F-B7CD-BB046978349A}
	EndGlobalSection
EndGlobal
