
Microsoft Visual Studio Solution File, Format Version 12.00
# Visual Studio 15
VisualStudioVersion = 15.0.26730.12
MinimumVisualStudioVersion = 15.0.26730.12
Project("{FAE04EC0-301F-11D3-BF4B-00C04F79EFBC}") = "Shared", "Shared\Shared.csproj", "{5686FE6C-A5E3-40D1-A6BD-25F94DA612F8}"
EndProject
Project("{FAE04EC0-301F-11D3-BF4B-00C04F79EFBC}") = "MefExtensionEndpoint", "MefExtensionEndpoint\MefExtensionEndpoint.csproj", "{7036A49B-359F-4BC7-AFBA-DE3C7AB41986}"
	ProjectSection(ProjectDependencies) = postProject
		{6410C294-C3E9-414B-92E5-64132EBA0C7A} = {6410C294-C3E9-414B-92E5-64132EBA0C7A}
	EndProjectSection
EndProject
Project("{FAE04EC0-301F-11D3-BF4B-00C04F79EFBC}") = "CustomExtensionEndpoint", "CustomExtensionEndpoint\CustomExtensionEndpoint.csproj", "{28DE496A-3885-410E-A0B8-004FAEFF9378}"
	ProjectSection(ProjectDependencies) = postProject
		{1867FD1B-DB50-4302-B400-29FF177CFAE2} = {1867FD1B-DB50-4302-B400-29FF177CFAE2}
	EndProjectSection
EndProject
Project("{FAE04EC0-301F-11D3-BF4B-00C04F79EFBC}") = "CustomExtensions", "CustomExtensions\CustomExtensions.csproj", "{1867FD1B-DB50-4302-B400-29FF177CFAE2}"
EndProject
Project("{FAE04EC0-301F-11D3-BF4B-00C04F79EFBC}") = "MefExtensions", "MefExtensions\MefExtensions.csproj", "{6410C294-C3E9-414B-92E5-64132EBA0C7A}"
EndProject
Global
	GlobalSection(SolutionConfigurationPlatforms) = preSolution
		Debug|Any CPU = Debug|Any CPU
	EndGlobalSection
	GlobalSection(ProjectConfigurationPlatforms) = postSolution
		{5686FE6C-A5E3-40D1-A6BD-25F94DA612F8}.Debug|Any CPU.ActiveCfg = Debug|Any CPU
		{5686FE6C-A5E3-40D1-A6BD-25F94DA612F8}.Debug|Any CPU.Build.0 = Debug|Any CPU
		{7036A49B-359F-4BC7-AFBA-DE3C7AB41986}.Debug|Any CPU.ActiveCfg = Debug|Any CPU
		{7036A49B-359F-4BC7-AFBA-DE3C7AB41986}.Debug|Any CPU.Build.0 = Debug|Any CPU
		{28DE496A-3885-410E-A0B8-004FAEFF9378}.Debug|Any CPU.ActiveCfg = Debug|Any CPU
		{28DE496A-3885-410E-A0B8-004FAEFF9378}.Debug|Any CPU.Build.0 = Debug|Any CPU
		{1867FD1B-DB50-4302-B400-29FF177CFAE2}.Debug|Any CPU.ActiveCfg = Debug|Any CPU
		{1867FD1B-DB50-4302-B400-29FF177CFAE2}.Debug|Any CPU.Build.0 = Debug|Any CPU
		{6410C294-C3E9-414B-92E5-64132EBA0C7A}.Debug|Any CPU.ActiveCfg = Debug|Any CPU
		{6410C294-C3E9-414B-92E5-64132EBA0C7A}.Debug|Any CPU.Build.0 = Debug|Any CPU
	EndGlobalSection
	GlobalSection(SolutionProperties) = preSolution
		HideSolutionNode = FALSE
	EndGlobalSection
EndGlobal
