
Microsoft Visual Studio Solution File, Format Version 12.00
# Visual Studio 15
VisualStudioVersion = 15.0.26730.12
MinimumVisualStudioVersion = 15.0.26430.04
Project("{FAE04EC0-301F-11D3-BF4B-00C04F79EFBC}") = "NativeSender", "NativeSender\NativeSender.csproj", "{1174B252-C082-473B-AECC-1E6B0BA71B4D}"
EndProject
Project("{FAE04EC0-301F-11D3-BF4B-00C04F79EFBC}") = "Receiver", "Receiver\Receiver.csproj", "{90F5C54A-58EF-4E25-9854-9D1A6F81FE54}"
EndProject
Project("{FAE04EC0-301F-11D3-BF4B-00C04F79EFBC}") = "Shared", "Shared\Shared.csproj", "{0D0EF536-3C89-4191-A0EF-C0742236FC46}"
EndProject
Project("{FAE04EC0-301F-11D3-BF4B-00C04F79EFBC}") = "MessageGenerator", "MessageGenerator\MessageGenerator.csproj", "{945E6E9A-1B97-4B77-8008-A8304C46BDAE}"
EndProject
Global
	GlobalSection(SolutionConfigurationPlatforms) = preSolution
		Debug|Any CPU = Debug|Any CPU
	EndGlobalSection
	GlobalSection(ProjectConfigurationPlatforms) = postSolution
		{1174B252-C082-473B-AECC-1E6B0BA71B4D}.Debug|Any CPU.ActiveCfg = Debug|Any CPU
		{1174B252-C082-473B-AECC-1E6B0BA71B4D}.Debug|Any CPU.Build.0 = Debug|Any CPU
		{90F5C54A-58EF-4E25-9854-9D1A6F81FE54}.Debug|Any CPU.ActiveCfg = Debug|Any CPU
		{90F5C54A-58EF-4E25-9854-9D1A6F81FE54}.Debug|Any CPU.Build.0 = Debug|Any CPU
		{0D0EF536-3C89-4191-A0EF-C0742236FC46}.Debug|Any CPU.ActiveCfg = Debug|Any CPU
		{0D0EF536-3C89-4191-A0EF-C0742236FC46}.Debug|Any CPU.Build.0 = Debug|Any CPU
		{945E6E9A-1B97-4B77-8008-A8304C46BDAE}.Debug|Any CPU.ActiveCfg = Debug|Any CPU
		{945E6E9A-1B97-4B77-8008-A8304C46BDAE}.Debug|Any CPU.Build.0 = Debug|Any CPU
	EndGlobalSection
	GlobalSection(SolutionProperties) = preSolution
		HideSolutionNode = FALSE
	EndGlobalSection
EndGlobal
