Microsoft Visual Studio Solution File, Format Version 12.00
# Visual Studio 15
VisualStudioVersion = 15.0.26730.12
MinimumVisualStudioVersion = 15.0.26730.12
Project("{CC5FD16D-436D-48AD-A40C-5A424C6E3E79}") = "HostCloudService", "HostCloudService\HostCloudService.ccproj", "{CD8D25E1-7D63-49DE-A109-4ABF98731C24}"
EndProject
Project("{FAE04EC0-301F-11D3-BF4B-00C04F79EFBC}") = "HostWorker", "HostWorker\HostWorker.csproj", "{07FDAC8F-A69D-4A5C-ABA1-DAEC52A649FB}"
EndProject
Global
	GlobalSection(SolutionConfigurationPlatforms) = preSolution
		Debug|Any CPU = Debug|Any CPU
	EndGlobalSection
	GlobalSection(ProjectConfigurationPlatforms) = postSolution
		{CD8D25E1-7D63-49DE-A109-4ABF98731C24}.Debug|Any CPU.ActiveCfg = Debug|Any CPU
		{CD8D25E1-7D63-49DE-A109-4ABF98731C24}.Debug|Any CPU.Build.0 = Debug|Any CPU
		{07FDAC8F-A69D-4A5C-ABA1-DAEC52A649FB}.Debug|Any CPU.ActiveCfg = Debug|Any CPU
		{07FDAC8F-A69D-4A5C-ABA1-DAEC52A649FB}.Debug|Any CPU.Build.0 = Debug|Any CPU
	EndGlobalSection
	GlobalSection(SolutionProperties) = preSolution
		HideSolutionNode = FALSE
	EndGlobalSection
	GlobalSection(ExtensibilityGlobals) = postSolution
		SolutionGuid = {3BF8C8EA-0C13-417F-A21D-75A6EEBA2F62}
	EndGlobalSection
EndGlobal
