
Microsoft Visual Studio Solution File, Format Version 12.00
# Visual Studio 14
VisualStudioVersion = 14.0.24720.0
MinimumVisualStudioVersion = 12.0.31101.0
Project("{FAE04EC0-301F-11D3-BF4B-00C04F79EFBC}") = "Client", "Client\Client.csproj", "{8B2A8B4D-A9F2-43D4-ABC3-4A4A6723EA6A}"
EndProject
Project("{FAE04EC0-301F-11D3-BF4B-00C04F79EFBC}") = "Messages", "Messages\Messages.csproj", "{038B12D3-2D0D-4989-9620-D250EEB95F80}"
EndProject
Project("{FAE04EC0-301F-11D3-BF4B-00C04F79EFBC}") = "Server", "Server\Server.csproj", "{7E002FE6-1DF1-4303-ABDF-F410151C29F3}"
EndProject
Project("{FAE04EC0-301F-11D3-BF4B-00C04F79EFBC}") = "Shared", "Shared\Shared.csproj", "{F3F69464-603E-4348-9BA8-967ECF4364C6}"
EndProject
Global
	GlobalSection(SolutionConfigurationPlatforms) = preSolution
		Debug|Any CPU = Debug|Any CPU
		Release|Any CPU = Release|Any CPU
	EndGlobalSection
	GlobalSection(ProjectConfigurationPlatforms) = postSolution
		{8B2A8B4D-A9F2-43D4-ABC3-4A4A6723EA6A}.Debug|Any CPU.ActiveCfg = Debug|Any CPU
		{8B2A8B4D-A9F2-43D4-ABC3-4A4A6723EA6A}.Debug|Any CPU.Build.0 = Debug|Any CPU
		{8B2A8B4D-A9F2-43D4-ABC3-4A4A6723EA6A}.Release|Any CPU.ActiveCfg = Release|Any CPU
		{8B2A8B4D-A9F2-43D4-ABC3-4A4A6723EA6A}.Release|Any CPU.Build.0 = Release|Any CPU
		{038B12D3-2D0D-4989-9620-D250EEB95F80}.Debug|Any CPU.ActiveCfg = Debug|Any CPU
		{038B12D3-2D0D-4989-9620-D250EEB95F80}.Debug|Any CPU.Build.0 = Debug|Any CPU
		{038B12D3-2D0D-4989-9620-D250EEB95F80}.Release|Any CPU.ActiveCfg = Release|Any CPU
		{038B12D3-2D0D-4989-9620-D250EEB95F80}.Release|Any CPU.Build.0 = Release|Any CPU
		{7E002FE6-1DF1-4303-ABDF-F410151C29F3}.Debug|Any CPU.ActiveCfg = Debug|Any CPU
		{7E002FE6-1DF1-4303-ABDF-F410151C29F3}.Debug|Any CPU.Build.0 = Debug|Any CPU
		{7E002FE6-1DF1-4303-ABDF-F410151C29F3}.Release|Any CPU.ActiveCfg = Release|Any CPU
		{7E002FE6-1DF1-4303-ABDF-F410151C29F3}.Release|Any CPU.Build.0 = Release|Any CPU
		{F3F69464-603E-4348-9BA8-967ECF4364C6}.Debug|Any CPU.ActiveCfg = Debug|Any CPU
		{F3F69464-603E-4348-9BA8-967ECF4364C6}.Debug|Any CPU.Build.0 = Debug|Any CPU
		{F3F69464-603E-4348-9BA8-967ECF4364C6}.Release|Any CPU.ActiveCfg = Release|Any CPU
		{F3F69464-603E-4348-9BA8-967ECF4364C6}.Release|Any CPU.Build.0 = Release|Any CPU
	EndGlobalSection
	GlobalSection(SolutionProperties) = preSolution
		HideSolutionNode = FALSE
	EndGlobalSection
EndGlobal
