
Microsoft Visual Studio Solution File, Format Version 12.00
# Visual Studio Version 17
VisualStudioVersion = 17.8.34212.112
MinimumVisualStudioVersion = 10.0.40219.1
Project("{9A19103F-16F7-4668-BE54-9A1E7A4F7556}") = "Gateway_3", "Gateway_3\Gateway_3.csproj", "{54E17625-5FE4-4BBB-958D-60F8CE868F39}"
EndProject
Project("{9A19103F-16F7-4668-BE54-9A1E7A4F7556}") = "Gateway_3.1", "Gateway_3.1\Gateway_3.1.csproj", "{D46C729D-58F9-4AE6-8F72-E57E72C34800}"
EndProject
Project("{9A19103F-16F7-4668-BE54-9A1E7A4F7556}") = "Gateway_3.2", "Gateway_3.2\Gateway_3.2.csproj", "{8E540991-A03C-4034-9CA4-7DC323400FD2}"
EndProject
Project("{9A19103F-16F7-4668-BE54-9A1E7A4F7556}") = "Gateway_4", "Gateway_4\Gateway_4.csproj", "{9D6BF478-0517-49E9-9F39-B5549A405266}"
EndProject
Project("{9A19103F-16F7-4668-BE54-9A1E7A4F7556}") = "Gateway_5", "Gateway_5\Gateway_5.csproj", "{54AF6873-C4FD-440C-A46E-6F096FEAACC3}"
EndProject
Project("{FAE04EC0-301F-11D3-BF4B-00C04F79EFBC}") = "Gateway_6", "Gateway_6\Gateway_6.csproj", "{B8F74E24-CA0A-9EA1-4B5C-9C7892A8CB54}"
EndProject
Global
	GlobalSection(SolutionConfigurationPlatforms) = preSolution
		Debug|Any CPU = Debug|Any CPU
		Release|Any CPU = Release|Any CPU
	EndGlobalSection
	GlobalSection(ProjectConfigurationPlatforms) = postSolution
		{54E17625-5FE4-4BBB-958D-60F8CE868F39}.Debug|Any CPU.ActiveCfg = Debug|Any CPU
		{54E17625-5FE4-4BBB-958D-60F8CE868F39}.Debug|Any CPU.Build.0 = Debug|Any CPU
		{54E17625-5FE4-4BBB-958D-60F8CE868F39}.Release|Any CPU.ActiveCfg = Release|Any CPU
		{54E17625-5FE4-4BBB-958D-60F8CE868F39}.Release|Any CPU.Build.0 = Release|Any CPU
		{D46C729D-58F9-4AE6-8F72-E57E72C34800}.Debug|Any CPU.ActiveCfg = Debug|Any CPU
		{D46C729D-58F9-4AE6-8F72-E57E72C34800}.Debug|Any CPU.Build.0 = Debug|Any CPU
		{D46C729D-58F9-4AE6-8F72-E57E72C34800}.Release|Any CPU.ActiveCfg = Release|Any CPU
		{D46C729D-58F9-4AE6-8F72-E57E72C34800}.Release|Any CPU.Build.0 = Release|Any CPU
		{8E540991-A03C-4034-9CA4-7DC323400FD2}.Debug|Any CPU.ActiveCfg = Debug|Any CPU
		{8E540991-A03C-4034-9CA4-7DC323400FD2}.Debug|Any CPU.Build.0 = Debug|Any CPU
		{8E540991-A03C-4034-9CA4-7DC323400FD2}.Release|Any CPU.ActiveCfg = Release|Any CPU
		{8E540991-A03C-4034-9CA4-7DC323400FD2}.Release|Any CPU.Build.0 = Release|Any CPU
		{9D6BF478-0517-49E9-9F39-B5549A405266}.Debug|Any CPU.ActiveCfg = Debug|Any CPU
		{9D6BF478-0517-49E9-9F39-B5549A405266}.Debug|Any CPU.Build.0 = Debug|Any CPU
		{9D6BF478-0517-49E9-9F39-B5549A405266}.Release|Any CPU.ActiveCfg = Release|Any CPU
		{9D6BF478-0517-49E9-9F39-B5549A405266}.Release|Any CPU.Build.0 = Release|Any CPU
		{54AF6873-C4FD-440C-A46E-6F096FEAACC3}.Debug|Any CPU.ActiveCfg = Debug|Any CPU
		{54AF6873-C4FD-440C-A46E-6F096FEAACC3}.Debug|Any CPU.Build.0 = Debug|Any CPU
		{54AF6873-C4FD-440C-A46E-6F096FEAACC3}.Release|Any CPU.ActiveCfg = Release|Any CPU
		{54AF6873-C4FD-440C-A46E-6F096FEAACC3}.Release|Any CPU.Build.0 = Release|Any CPU
		{B8F74E24-CA0A-9EA1-4B5C-9C7892A8CB54}.Debug|Any CPU.ActiveCfg = Debug|Any CPU
		{B8F74E24-CA0A-9EA1-4B5C-9C7892A8CB54}.Debug|Any CPU.Build.0 = Debug|Any CPU
		{B8F74E24-CA0A-9EA1-4B5C-9C7892A8CB54}.Release|Any CPU.ActiveCfg = Release|Any CPU
		{B8F74E24-CA0A-9EA1-4B5C-9C7892A8CB54}.Release|Any CPU.Build.0 = Release|Any CPU
	EndGlobalSection
	GlobalSection(SolutionProperties) = preSolution
		HideSolutionNode = FALSE
	EndGlobalSection
	GlobalSection(ExtensibilityGlobals) = postSolution
		SolutionGuid = {BCB8C27E-636D-42E1-A341-781AA77F7B59}
	EndGlobalSection
EndGlobal
