Microsoft Visual Studio Solution File, Format Version 12.00
# Visual Studio Version 16
VisualStudioVersion = 16.0.29728.190
MinimumVisualStudioVersion = 15.0.26730.12
Project("{FAE04EC0-301F-11D3-BF4B-00C04F79EFBC}") = "Client", "Client\Client.csproj", "{926D4E68-3AAB-46A0-AFD7-269E442704E4}"
EndProject
Project("{FAE04EC0-301F-11D3-BF4B-00C04F79EFBC}") = "Sales", "Sales\Sales.csproj", "{5A282F69-C7A1-4C43-8651-F7B7D3452BEC}"
EndProject
Project("{FAE04EC0-301F-11D3-BF4B-00C04F79EFBC}") = "Billing", "Billing\Billing.csproj", "{B4DE5EB2-1678-44F2-914E-B5C51A6FB392}"
EndProject
Project("{FAE04EC0-301F-11D3-BF4B-00C04F79EFBC}") = "Shared", "Shared\Shared.csproj", "{301324AE-E81D-4567-9D4C-7CB30B8DD8F8}"
EndProject
Global
	GlobalSection(SolutionConfigurationPlatforms) = preSolution
		Debug|Any CPU = Debug|Any CPU
	EndGlobalSection
	GlobalSection(ProjectConfigurationPlatforms) = postSolution
		{926D4E68-3AAB-46A0-AFD7-269E442704E4}.Debug|Any CPU.ActiveCfg = Debug|Any CPU
		{926D4E68-3AAB-46A0-AFD7-269E442704E4}.Debug|Any CPU.Build.0 = Debug|Any CPU
		{5A282F69-C7A1-4C43-8651-F7B7D3452BEC}.Debug|Any CPU.ActiveCfg = Debug|Any CPU
		{5A282F69-C7A1-4C43-8651-F7B7D3452BEC}.Debug|Any CPU.Build.0 = Debug|Any CPU
		{B4DE5EB2-1678-44F2-914E-B5C51A6FB392}.Debug|Any CPU.ActiveCfg = Debug|Any CPU
		{B4DE5EB2-1678-44F2-914E-B5C51A6FB392}.Debug|Any CPU.Build.0 = Debug|Any CPU
		{301324AE-E81D-4567-9D4C-7CB30B8DD8F8}.Debug|Any CPU.ActiveCfg = Debug|Any CPU
		{301324AE-E81D-4567-9D4C-7CB30B8DD8F8}.Debug|Any CPU.Build.0 = Debug|Any CPU
	EndGlobalSection
	GlobalSection(SolutionProperties) = preSolution
		HideSolutionNode = FALSE
	EndGlobalSection
	GlobalSection(ExtensibilityGlobals) = postSolution
		SolutionGuid = {C00625A2-6255-4EE3-A116-D8B354488CA9}
	EndGlobalSection
EndGlobal
