Microsoft Visual Studio Solution File, Format Version 12.00
# Visual Studio 15
VisualStudioVersion = 15.0.26730.12
MinimumVisualStudioVersion = 15.0.26730.12
Project("{9A19103F-16F7-4668-BE54-9A1E7A4F7556}") = "Sqs_1", "Sqs_1\Sqs_1.csproj", "{F71A23A5-38A9-40AB-B1B1-64B8F86ED701}"
EndProject
Project("{9A19103F-16F7-4668-BE54-9A1E7A4F7556}") = "Sqs_2", "Sqs_2\Sqs_2.csproj", "{C64124C9-4A3F-4AEB-93BB-835C35461012}"
EndProject
Project("{9A19103F-16F7-4668-BE54-9A1E7A4F7556}") = "Sqs_3", "Sqs_3\Sqs_3.csproj", "{AF0042A0-FC08-45F1-BCAC-9B177A55E4A2}"
EndProject
Project("{9A19103F-16F7-4668-BE54-9A1E7A4F7556}") = "Sqs_All", "Sqs_All\Sqs_All.csproj", "{3C0CD36F-ECD1-4649-95C6-7011BC5F0EEE}"
EndProject
Project("{9A19103F-16F7-4668-BE54-9A1E7A4F7556}") = "Common", "..\Common\Common.csproj", "{63A17C17-79A5-4C85-8AB7-7E00B7845DA8}"
EndProject
Global
	GlobalSection(SolutionConfigurationPlatforms) = preSolution
		Debug|Any CPU = Debug|Any CPU
	EndGlobalSection
	GlobalSection(ProjectConfigurationPlatforms) = postSolution
		{F71A23A5-38A9-40AB-B1B1-64B8F86ED701}.Debug|Any CPU.ActiveCfg = Debug|Any CPU
		{F71A23A5-38A9-40AB-B1B1-64B8F86ED701}.Debug|Any CPU.Build.0 = Debug|Any CPU
		{C64124C9-4A3F-4AEB-93BB-835C35461012}.Debug|Any CPU.ActiveCfg = Debug|Any CPU
		{C64124C9-4A3F-4AEB-93BB-835C35461012}.Debug|Any CPU.Build.0 = Debug|Any CPU
		{AF0042A0-FC08-45F1-BCAC-9B177A55E4A2}.Debug|Any CPU.ActiveCfg = Debug|Any CPU
		{AF0042A0-FC08-45F1-BCAC-9B177A55E4A2}.Debug|Any CPU.Build.0 = Debug|Any CPU
		{3C0CD36F-ECD1-4649-95C6-7011BC5F0EEE}.Debug|Any CPU.ActiveCfg = Debug|Any CPU
		{3C0CD36F-ECD1-4649-95C6-7011BC5F0EEE}.Debug|Any CPU.Build.0 = Debug|Any CPU
		{63A17C17-79A5-4C85-8AB7-7E00B7845DA8}.Debug|Any CPU.ActiveCfg = Debug|Any CPU
		{63A17C17-79A5-4C85-8AB7-7E00B7845DA8}.Debug|Any CPU.Build.0 = Debug|Any CPU
	EndGlobalSection
	GlobalSection(SolutionProperties) = preSolution
		HideSolutionNode = FALSE
	EndGlobalSection
	GlobalSection(ExtensibilityGlobals) = postSolution
		SolutionGuid = {9D09BB03-40CB-40A3-ACB9-37F61D6D11B0}
	EndGlobalSection
EndGlobal
