
Microsoft Visual Studio Solution File, Format Version 12.00
# Visual Studio 2013
VisualStudioVersion = 12.0.31101.0
MinimumVisualStudioVersion = 10.0.40219.1
Project("{2150E333-8FDC-42A3-9474-1A3956D46DE8}") = "Version_5", "Version_5", "{5465563E-F910-461F-B4E5-7057307702BB}"
EndProject
Project("{2150E333-8FDC-42A3-9474-1A3956D46DE8}") = "Version_4", "Version_4", "{1A24B36C-90AB-4291-9DD8-CA024BDB9963}"
EndProject
Project("{2150E333-8FDC-42A3-9474-1A3956D46DE8}") = "Version_3_3", "Version_3_3", "{FA4F0FDA-78FB-46CA-AC97-21A276653CDA}"
EndProject
Project("{FAE04EC0-301F-11D3-BF4B-00C04F79EFBC}") = "Sample", "Version_3_3\Sample.csproj", "{63240022-984D-490E-9F5B-26806413A889}"
EndProject
Project("{FAE04EC0-301F-11D3-BF4B-00C04F79EFBC}") = "Sample", "Version_4\Sample.csproj", "{32419FE8-6BF3-40B3-BD3E-780B03031BB2}"
EndProject
Project("{FAE04EC0-301F-11D3-BF4B-00C04F79EFBC}") = "Sample", "Version_5\Sample.csproj", "{9D797BF9-2F3D-4786-8046-C12AA3209A53}"
EndProject
Global
	GlobalSection(SolutionConfigurationPlatforms) = preSolution
		Debug|Any CPU = Debug|Any CPU
		Release|Any CPU = Release|Any CPU
	EndGlobalSection
	GlobalSection(ProjectConfigurationPlatforms) = postSolution
		{63240022-984D-490E-9F5B-26806413A889}.Debug|Any CPU.ActiveCfg = Debug|Any CPU
		{63240022-984D-490E-9F5B-26806413A889}.Debug|Any CPU.Build.0 = Debug|Any CPU
		{63240022-984D-490E-9F5B-26806413A889}.Release|Any CPU.ActiveCfg = Release|Any CPU
		{63240022-984D-490E-9F5B-26806413A889}.Release|Any CPU.Build.0 = Release|Any CPU
		{32419FE8-6BF3-40B3-BD3E-780B03031BB2}.Debug|Any CPU.ActiveCfg = Debug|Any CPU
		{32419FE8-6BF3-40B3-BD3E-780B03031BB2}.Debug|Any CPU.Build.0 = Debug|Any CPU
		{32419FE8-6BF3-40B3-BD3E-780B03031BB2}.Release|Any CPU.ActiveCfg = Release|Any CPU
		{32419FE8-6BF3-40B3-BD3E-780B03031BB2}.Release|Any CPU.Build.0 = Release|Any CPU
		{9D797BF9-2F3D-4786-8046-C12AA3209A53}.Debug|Any CPU.ActiveCfg = Debug|Any CPU
		{9D797BF9-2F3D-4786-8046-C12AA3209A53}.Debug|Any CPU.Build.0 = Debug|Any CPU
		{9D797BF9-2F3D-4786-8046-C12AA3209A53}.Release|Any CPU.ActiveCfg = Release|Any CPU
		{9D797BF9-2F3D-4786-8046-C12AA3209A53}.Release|Any CPU.Build.0 = Release|Any CPU
	EndGlobalSection
	GlobalSection(SolutionProperties) = preSolution
		HideSolutionNode = FALSE
	EndGlobalSection
	GlobalSection(NestedProjects) = preSolution
		{63240022-984D-490E-9F5B-26806413A889} = {FA4F0FDA-78FB-46CA-AC97-21A276653CDA}
		{32419FE8-6BF3-40B3-BD3E-780B03031BB2} = {1A24B36C-90AB-4291-9DD8-CA024BDB9963}
		{9D797BF9-2F3D-4786-8046-C12AA3209A53} = {5465563E-F910-461F-B4E5-7057307702BB}
	EndGlobalSection
EndGlobal
