Microsoft Visual Studio Solution File, Format Version 12.00
# Visual Studio Version 17
VisualStudioVersion = 17.11.35303.130
MinimumVisualStudioVersion = 15.0.26730.12
Project("{FAE04EC0-301F-11D3-BF4B-00C04F79EFBC}") = "Core_10", "Core_10\Core_10.csproj", "{007491A5-3D24-484E-93A7-8DD2DC013601}"
EndProject
Global
	GlobalSection(SolutionConfigurationPlatforms) = preSolution
		Debug|Any CPU = Debug|Any CPU
		Release|Any CPU = Release|Any CPU
	EndGlobalSection
	GlobalSection(ProjectConfigurationPlatforms) = postSolution
		{007491A5-3D24-484E-93A7-8DD2DC013601}.Debug|Any CPU.ActiveCfg = Debug|Any CPU
		{007491A5-3D24-484E-93A7-8DD2DC013601}.Debug|Any CPU.Build.0 = Debug|Any CPU
		{007491A5-3D24-484E-93A7-8DD2DC013601}.Release|Any CPU.ActiveCfg = Release|Any CPU
		{007491A5-3D24-484E-93A7-8DD2DC013601}.Release|Any CPU.Build.0 = Release|Any CPU
	EndGlobalSection
	GlobalSection(SolutionProperties) = preSolution
		HideSolutionNode = FALSE
	EndGlobalSection
EndGlobal
