Microsoft Visual Studio Solution File, Format Version 12.00
# Visual Studio Version 16
VisualStudioVersion = 16.0.29728.190
MinimumVisualStudioVersion = 15.0.26730.12
Project("{9A19103F-16F7-4668-BE54-9A1E7A4F7556}") = "Shared", "Shared\Shared.csproj", "{0D0EF536-3C89-4191-A0EF-C0742236FC46}"
EndProject
Project("{9A19103F-16F7-4668-BE54-9A1E7A4F7556}") = "Publisher", "Publisher\Publisher.csproj", "{96A0B2AD-FEAC-4F43-9811-D99420D1CCC3}"
EndProject
Project("{FAE04EC0-301F-11D3-BF4B-00C04F79EFBC}") = "Subscriber", "Subscriber\Subscriber.csproj", "{1678A56F-A68D-40FB-9201-E14540070EBF}"
EndProject
Global
	GlobalSection(SolutionConfigurationPlatforms) = preSolution
		Debug|Any CPU = Debug|Any CPU
		Release|Any CPU = Release|Any CPU
	EndGlobalSection
	GlobalSection(ProjectConfigurationPlatforms) = postSolution
		{0D0EF536-3C89-4191-A0EF-C0742236FC46}.Debug|Any CPU.ActiveCfg = Debug|Any CPU
		{0D0EF536-3C89-4191-A0EF-C0742236FC46}.Debug|Any CPU.Build.0 = Debug|Any CPU
		{0D0EF536-3C89-4191-A0EF-C0742236FC46}.Release|Any CPU.ActiveCfg = Release|Any CPU
		{0D0EF536-3C89-4191-A0EF-C0742236FC46}.Release|Any CPU.Build.0 = Release|Any CPU
		{96A0B2AD-FEAC-4F43-9811-D99420D1CCC3}.Debug|Any CPU.ActiveCfg = Debug|Any CPU
		{96A0B2AD-FEAC-4F43-9811-D99420D1CCC3}.Debug|Any CPU.Build.0 = Debug|Any CPU
		{96A0B2AD-FEAC-4F43-9811-D99420D1CCC3}.Release|Any CPU.ActiveCfg = Release|Any CPU
		{96A0B2AD-FEAC-4F43-9811-D99420D1CCC3}.Release|Any CPU.Build.0 = Release|Any CPU
		{1678A56F-A68D-40FB-9201-E14540070EBF}.Debug|Any CPU.ActiveCfg = Debug|Any CPU
		{1678A56F-A68D-40FB-9201-E14540070EBF}.Debug|Any CPU.Build.0 = Debug|Any CPU
		{1678A56F-A68D-40FB-9201-E14540070EBF}.Release|Any CPU.ActiveCfg = Release|Any CPU
		{1678A56F-A68D-40FB-9201-E14540070EBF}.Release|Any CPU.Build.0 = Release|Any CPU
	EndGlobalSection
	GlobalSection(SolutionProperties) = preSolution
		HideSolutionNode = FALSE
	EndGlobalSection
	GlobalSection(ExtensibilityGlobals) = postSolution
		SolutionGuid = {C0348CF9-2853-4649-B5A2-A29A74386A2A}
	EndGlobalSection
EndGlobal
