
Microsoft Visual Studio Solution File, Format Version 12.00
# Visual Studio Version 16
VisualStudioVersion = 16.0.29728.190
MinimumVisualStudioVersion = 15.0.26730.12
Project("{FAE04EC0-301F-11D3-BF4B-00C04F79EFBC}") = "Receiver", "Receiver\Receiver.csproj", "{52DEA2AF-D7EC-48EB-96E5-4C852C0136CD}"
EndProject
Project("{FAE04EC0-301F-11D3-BF4B-00C04F79EFBC}") = "Messages", "Messages\Messages.csproj", "{4A3A0A21-04CB-4C75-A095-4DA54EF75B96}"
EndProject
Project("{FAE04EC0-301F-11D3-BF4B-00C04F79EFBC}") = "Sender", "Sender\Sender.csproj", "{A95FE2AA-F616-42F2-9D7E-2C8CC7771E4E}"
EndProject
Global
	GlobalSection(SolutionConfigurationPlatforms) = preSolution
		Debug|Any CPU = Debug|Any CPU
		Debug|x64 = Debug|x64
		Debug|x86 = Debug|x86
		Release|Any CPU = Release|Any CPU
	EndGlobalSection
	GlobalSection(SolutionProperties) = preSolution
		HideSolutionNode = FALSE
	EndGlobalSection
	GlobalSection(ProjectConfigurationPlatforms) = postSolution
		{52DEA2AF-D7EC-48EB-96E5-4C852C0136CD}.Debug|Any CPU.ActiveCfg = Debug|Any CPU
		{52DEA2AF-D7EC-48EB-96E5-4C852C0136CD}.Debug|Any CPU.Build.0 = Debug|Any CPU
		{52DEA2AF-D7EC-48EB-96E5-4C852C0136CD}.Debug|x64.ActiveCfg = Debug|Any CPU
		{52DEA2AF-D7EC-48EB-96E5-4C852C0136CD}.Debug|x64.Build.0 = Debug|Any CPU
		{52DEA2AF-D7EC-48EB-96E5-4C852C0136CD}.Debug|x86.ActiveCfg = Debug|Any CPU
		{52DEA2AF-D7EC-48EB-96E5-4C852C0136CD}.Debug|x86.Build.0 = Debug|Any CPU
		{52DEA2AF-D7EC-48EB-96E5-4C852C0136CD}.Release|Any CPU.ActiveCfg = Release|Any CPU
		{52DEA2AF-D7EC-48EB-96E5-4C852C0136CD}.Release|Any CPU.Build.0 = Release|Any CPU
		{4A3A0A21-04CB-4C75-A095-4DA54EF75B96}.Debug|Any CPU.ActiveCfg = Debug|Any CPU
		{4A3A0A21-04CB-4C75-A095-4DA54EF75B96}.Debug|Any CPU.Build.0 = Debug|Any CPU
		{4A3A0A21-04CB-4C75-A095-4DA54EF75B96}.Debug|x64.ActiveCfg = Debug|Any CPU
		{4A3A0A21-04CB-4C75-A095-4DA54EF75B96}.Debug|x64.Build.0 = Debug|Any CPU
		{4A3A0A21-04CB-4C75-A095-4DA54EF75B96}.Debug|x86.ActiveCfg = Debug|Any CPU
		{4A3A0A21-04CB-4C75-A095-4DA54EF75B96}.Debug|x86.Build.0 = Debug|Any CPU
		{4A3A0A21-04CB-4C75-A095-4DA54EF75B96}.Release|Any CPU.ActiveCfg = Release|Any CPU
		{4A3A0A21-04CB-4C75-A095-4DA54EF75B96}.Release|Any CPU.Build.0 = Release|Any CPU
		{A95FE2AA-F616-42F2-9D7E-2C8CC7771E4E}.Debug|Any CPU.ActiveCfg = Debug|Any CPU
		{A95FE2AA-F616-42F2-9D7E-2C8CC7771E4E}.Debug|Any CPU.Build.0 = Debug|Any CPU
		{A95FE2AA-F616-42F2-9D7E-2C8CC7771E4E}.Debug|x64.ActiveCfg = Debug|Any CPU
		{A95FE2AA-F616-42F2-9D7E-2C8CC7771E4E}.Debug|x64.Build.0 = Debug|Any CPU
		{A95FE2AA-F616-42F2-9D7E-2C8CC7771E4E}.Debug|x86.ActiveCfg = Debug|Any CPU
		{A95FE2AA-F616-42F2-9D7E-2C8CC7771E4E}.Debug|x86.Build.0 = Debug|Any CPU
		{A95FE2AA-F616-42F2-9D7E-2C8CC7771E4E}.Release|Any CPU.ActiveCfg = Release|Any CPU
		{A95FE2AA-F616-42F2-9D7E-2C8CC7771E4E}.Release|Any CPU.Build.0 = Release|Any CPU
	EndGlobalSection
EndGlobal
