
Microsoft Visual Studio Solution File, Format Version 12.00
# Visual Studio 15
VisualStudioVersion = 15.0.26430.04
MinimumVisualStudioVersion = 15.0.26430.04
Project("{FAE04EC0-301F-11D3-BF4B-00C04F79EFBC}") = "Heartbeats3_1", "Heartbeats3_1\Heartbeats3_1.csproj", "{DDDA5052-7A94-471A-8FF3-B809429E96B4}"
EndProject
Project("{FAE04EC0-301F-11D3-BF4B-00C04F79EFBC}") = "Heartbeats4_1", "Heartbeats4_1\Heartbeats4_1.csproj", "{CD67D90B-62D4-4BBA-898C-7F3DDDC8283B}"
EndProject
Project("{FAE04EC0-301F-11D3-BF4B-00C04F79EFBC}") = "Heartbeats5_1", "Heartbeats5_1\Heartbeats5_1.csproj", "{0317B648-900E-4100-B829-294DDBD421E9}"
EndProject
Project("{FAE04EC0-301F-11D3-BF4B-00C04F79EFBC}") = "Heartbeats6_1", "Heartbeats6_1\Heartbeats6_1.csproj", "{7286B248-4947-4297-9031-811271751643}"
EndProject
Project("{FAE04EC0-301F-11D3-BF4B-00C04F79EFBC}") = "Heartbeats6_2", "Heartbeats6_2\Heartbeats6_2.csproj", "{7286B248-4947-4297-9031-811271751648}"
EndProject
Project("{FAE04EC0-301F-11D3-BF4B-00C04F79EFBC}") = "Heartbeats6_3", "Heartbeats6_3\Heartbeats6_3.csproj", "{44B5DAFE-A821-4125-A66E-E9EA7172E4A7}"
EndProject
Global
	GlobalSection(SolutionConfigurationPlatforms) = preSolution
		Debug|Any CPU = Debug|Any CPU
	EndGlobalSection
	GlobalSection(ProjectConfigurationPlatforms) = postSolution
		{DDDA5052-7A94-471A-8FF3-B809429E96B4}.Debug|Any CPU.ActiveCfg = Debug|Any CPU
		{DDDA5052-7A94-471A-8FF3-B809429E96B4}.Debug|Any CPU.Build.0 = Debug|Any CPU
		{CD67D90B-62D4-4BBA-898C-7F3DDDC8283B}.Debug|Any CPU.ActiveCfg = Debug|Any CPU
		{CD67D90B-62D4-4BBA-898C-7F3DDDC8283B}.Debug|Any CPU.Build.0 = Debug|Any CPU
		{0317B648-900E-4100-B829-294DDBD421E9}.Debug|Any CPU.ActiveCfg = Debug|Any CPU
		{0317B648-900E-4100-B829-294DDBD421E9}.Debug|Any CPU.Build.0 = Debug|Any CPU
		{7286B248-4947-4297-9031-811271751643}.Debug|Any CPU.ActiveCfg = Debug|Any CPU
		{7286B248-4947-4297-9031-811271751643}.Debug|Any CPU.Build.0 = Debug|Any CPU
		{7286B248-4947-4297-9031-811271751648}.Debug|Any CPU.ActiveCfg = Debug|Any CPU
		{7286B248-4947-4297-9031-811271751648}.Debug|Any CPU.Build.0 = Debug|Any CPU
		{44B5DAFE-A821-4125-A66E-E9EA7172E4A7}.Debug|Any CPU.ActiveCfg = Debug|Any CPU
		{44B5DAFE-A821-4125-A66E-E9EA7172E4A7}.Debug|Any CPU.Build.0 = Debug|Any CPU
	EndGlobalSection
	GlobalSection(SolutionProperties) = preSolution
		HideSolutionNode = FALSE
	EndGlobalSection
EndGlobal
