
Microsoft Visual Studio Solution File, Format Version 12.00
# Visual Studio Version 16
VisualStudioVersion = 16.0.29728.190
MinimumVisualStudioVersion = 15.0.26730.12
Project("{9A19103F-16F7-4668-BE54-9A1E7A4F7556}") = "WebApplication", "WebApplication\WebApplication.csproj", "{266948DE-D86C-413A-BF4D-779D00B5F191}"
EndProject
Project("{9A19103F-16F7-4668-BE54-9A1E7A4F7556}") = "Server", "Server\Server.csproj", "{962705EB-D1F5-4BA3-BE4F-B9FAC60DB7E1}"
EndProject
Project("{9A19103F-16F7-4668-BE54-9A1E7A4F7556}") = "Shared", "Shared\Shared.csproj", "{8545C0AA-A889-4288-A34C-B2DD5C54B99E}"
EndProject
Global
	GlobalSection(SolutionConfigurationPlatforms) = preSolution
		Debug|Any CPU = Debug|Any CPU
	EndGlobalSection
	GlobalSection(ProjectConfigurationPlatforms) = postSolution
		{266948DE-D86C-413A-BF4D-779D00B5F191}.Debug|Any CPU.ActiveCfg = Debug|Any CPU
		{266948DE-D86C-413A-BF4D-779D00B5F191}.Debug|Any CPU.Build.0 = Debug|Any CPU
		{962705EB-D1F5-4BA3-BE4F-B9FAC60DB7E1}.Debug|Any CPU.ActiveCfg = Debug|Any CPU
		{962705EB-D1F5-4BA3-BE4F-B9FAC60DB7E1}.Debug|Any CPU.Build.0 = Debug|Any CPU
		{8545C0AA-A889-4288-A34C-B2DD5C54B99E}.Debug|Any CPU.ActiveCfg = Debug|Any CPU
		{8545C0AA-A889-4288-A34C-B2DD5C54B99E}.Debug|Any CPU.Build.0 = Debug|Any CPU
	EndGlobalSection
	GlobalSection(SolutionProperties) = preSolution
		HideSolutionNode = FALSE
	EndGlobalSection
	GlobalSection(ExtensibilityGlobals) = postSolution
		SolutionGuid = {15CB0800-B20D-46B4-908B-E91B185E86E8}
	EndGlobalSection
EndGlobal
