Microsoft Visual Studio Solution File, Format Version 12.00
# Visual Studio Version 17
VisualStudioVersion = 17.8.34112.27
MinimumVisualStudioVersion = 15.0.26730.12
Project("{9A19103F-16F7-4668-BE54-9A1E7A4F7556}") = "Core_7", "Core_7\Core_7.csproj", "{7936D4AA-2D31-432E-9469-051A6A5BEC21}"
EndProject
Project("{9A19103F-16F7-4668-BE54-9A1E7A4F7556}") = "Core_8", "Core_8\Core_8.csproj", "{7B28A2F2-282E-493F-B9BD-30E93F23A250}"
EndProject
Project("{9A19103F-16F7-4668-BE54-9A1E7A4F7556}") = "Core_9", "Core_9\Core_9.csproj", "{7AB3CA51-9635-4B54-BFA4-99DAF3A208FC}"
EndProject
Project("{9A19103F-16F7-4668-BE54-9A1E7A4F7556}") = "DataBus_1", "DataBus_1\DataBus_1.csproj", "{FFBF2AFD-CFBD-4FC2-B52E-42020F0005AA}"
EndProject
Project("{FAE04EC0-301F-11D3-BF4B-00C04F79EFBC}") = "DataBus_2", "DataBus_2\DataBus_2.csproj", "{45EB9920-D17C-8AF8-3C8D-A2DEFE715FE2}"
EndProject
Global
	GlobalSection(SolutionConfigurationPlatforms) = preSolution
		Debug|Any CPU = Debug|Any CPU
		Release|Any CPU = Release|Any CPU
	EndGlobalSection
	GlobalSection(ProjectConfigurationPlatforms) = postSolution
		{7936D4AA-2D31-432E-9469-051A6A5BEC21}.Debug|Any CPU.ActiveCfg = Debug|Any CPU
		{7936D4AA-2D31-432E-9469-051A6A5BEC21}.Debug|Any CPU.Build.0 = Debug|Any CPU
		{7936D4AA-2D31-432E-9469-051A6A5BEC21}.Release|Any CPU.ActiveCfg = Release|Any CPU
		{7936D4AA-2D31-432E-9469-051A6A5BEC21}.Release|Any CPU.Build.0 = Release|Any CPU
		{7B28A2F2-282E-493F-B9BD-30E93F23A250}.Debug|Any CPU.ActiveCfg = Debug|Any CPU
		{7B28A2F2-282E-493F-B9BD-30E93F23A250}.Debug|Any CPU.Build.0 = Debug|Any CPU
		{7B28A2F2-282E-493F-B9BD-30E93F23A250}.Release|Any CPU.ActiveCfg = Release|Any CPU
		{7B28A2F2-282E-493F-B9BD-30E93F23A250}.Release|Any CPU.Build.0 = Release|Any CPU
		{7AB3CA51-9635-4B54-BFA4-99DAF3A208FC}.Debug|Any CPU.ActiveCfg = Debug|Any CPU
		{7AB3CA51-9635-4B54-BFA4-99DAF3A208FC}.Debug|Any CPU.Build.0 = Debug|Any CPU
		{7AB3CA51-9635-4B54-BFA4-99DAF3A208FC}.Release|Any CPU.ActiveCfg = Release|Any CPU
		{7AB3CA51-9635-4B54-BFA4-99DAF3A208FC}.Release|Any CPU.Build.0 = Release|Any CPU
		{FFBF2AFD-CFBD-4FC2-B52E-42020F0005AA}.Debug|Any CPU.ActiveCfg = Debug|Any CPU
		{FFBF2AFD-CFBD-4FC2-B52E-42020F0005AA}.Debug|Any CPU.Build.0 = Debug|Any CPU
		{FFBF2AFD-CFBD-4FC2-B52E-42020F0005AA}.Release|Any CPU.ActiveCfg = Release|Any CPU
		{FFBF2AFD-CFBD-4FC2-B52E-42020F0005AA}.Release|Any CPU.Build.0 = Release|Any CPU
		{45EB9920-D17C-8AF8-3C8D-A2DEFE715FE2}.Debug|Any CPU.ActiveCfg = Debug|Any CPU
		{45EB9920-D17C-8AF8-3C8D-A2DEFE715FE2}.Debug|Any CPU.Build.0 = Debug|Any CPU
		{45EB9920-D17C-8AF8-3C8D-A2DEFE715FE2}.Release|Any CPU.ActiveCfg = Release|Any CPU
		{45EB9920-D17C-8AF8-3C8D-A2DEFE715FE2}.Release|Any CPU.Build.0 = Release|Any CPU
	EndGlobalSection
	GlobalSection(SolutionProperties) = preSolution
		HideSolutionNode = FALSE
	EndGlobalSection
EndGlobal
