Microsoft Visual Studio Solution File, Format Version 12.00
# Visual Studio Version 16
VisualStudioVersion = 16.0.29728.190
MinimumVisualStudioVersion = 15.0.26730.12
Project("{9A19103F-16F7-4668-BE54-9A1E7A4F7556}") = "SqlTransport_All", "SqlTransport_All\SqlTransport_All.csproj", "{1791A2E6-D9CB-4C73-B3E9-1B17EF7117ED}"
EndProject
Project("{9A19103F-16F7-4668-BE54-9A1E7A4F7556}") = "Common", "..\Common\Common.csproj", "{5F02C8A5-55E9-4B79-9C0F-8FB525EBE326}"
EndProject
Project("{9A19103F-16F7-4668-BE54-9A1E7A4F7556}") = "SqlTransportLegacySystemClient_2", "SqlTransportLegacySystemClient_2\SqlTransportLegacySystemClient_2.csproj", "{DB7B97B4-3075-4541-A821-1C6FF9AB8671}"
EndProject
Project("{9A19103F-16F7-4668-BE54-9A1E7A4F7556}") = "SqlTransportLegacySystemClient_3", "SqlTransportLegacySystemClient_3\SqlTransportLegacySystemClient_3.csproj", "{E8130F3D-3346-4846-9122-2406EB4E31E4}"
EndProject
Project("{9A19103F-16F7-4668-BE54-9A1E7A4F7556}") = "SqlTransportLegacySystemClient_4", "SqlTransportLegacySystemClient_4\SqlTransportLegacySystemClient_4.csproj", "{5A4674DD-4BDB-4A75-B8A7-A69A0D928D5C}"
EndProject
Project("{9A19103F-16F7-4668-BE54-9A1E7A4F7556}") = "SqlTransportLegacySystemClient_5", "SqlTransportLegacySystemClient_5\SqlTransportLegacySystemClient_5.csproj", "{F338519C-046F-4CEC-B2C1-85A78E5664C3}"
EndProject
Project("{9A19103F-16F7-4668-BE54-9A1E7A4F7556}") = "SqlTransport_6", "SqlTransport_6\SqlTransport_6.csproj", "{76A81F9A-0CE8-47D7-8F34-47E8A3855A3F}"
EndProject
Project("{9A19103F-16F7-4668-BE54-9A1E7A4F7556}") = "SqlTransport_6.1", "SqlTransport_6.1\SqlTransport_6.1.csproj", "{BA286604-D333-4921-BCDB-6D6750CC5E28}"
EndProject
Project("{9A19103F-16F7-4668-BE54-9A1E7A4F7556}") = "SqlTransport_6.2", "SqlTransport_6.2\SqlTransport_6.2.csproj", "{9AC949BF-3F44-4B5B-B2B9-EAECFBC17BA8}"
EndProject
Project("{9A19103F-16F7-4668-BE54-9A1E7A4F7556}") = "SqlTransport_7", "SqlTransport_7\SqlTransport_7.csproj", "{D1B3BD78-279B-4178-9678-9ED48B83460F}"
EndProject
Global
	GlobalSection(SolutionConfigurationPlatforms) = preSolution
		Debug|Any CPU = Debug|Any CPU
		Release|Any CPU = Release|Any CPU
	EndGlobalSection
	GlobalSection(ProjectConfigurationPlatforms) = postSolution
		{1791A2E6-D9CB-4C73-B3E9-1B17EF7117ED}.Debug|Any CPU.ActiveCfg = Debug|Any CPU
		{1791A2E6-D9CB-4C73-B3E9-1B17EF7117ED}.Debug|Any CPU.Build.0 = Debug|Any CPU
		{1791A2E6-D9CB-4C73-B3E9-1B17EF7117ED}.Release|Any CPU.ActiveCfg = Release|Any CPU
		{1791A2E6-D9CB-4C73-B3E9-1B17EF7117ED}.Release|Any CPU.Build.0 = Release|Any CPU
		{5F02C8A5-55E9-4B79-9C0F-8FB525EBE326}.Debug|Any CPU.ActiveCfg = Debug|Any CPU
		{5F02C8A5-55E9-4B79-9C0F-8FB525EBE326}.Debug|Any CPU.Build.0 = Debug|Any CPU
		{5F02C8A5-55E9-4B79-9C0F-8FB525EBE326}.Release|Any CPU.ActiveCfg = Release|Any CPU
		{5F02C8A5-55E9-4B79-9C0F-8FB525EBE326}.Release|Any CPU.Build.0 = Release|Any CPU
		{DB7B97B4-3075-4541-A821-1C6FF9AB8671}.Debug|Any CPU.ActiveCfg = Debug|Any CPU
		{DB7B97B4-3075-4541-A821-1C6FF9AB8671}.Debug|Any CPU.Build.0 = Debug|Any CPU
		{DB7B97B4-3075-4541-A821-1C6FF9AB8671}.Release|Any CPU.ActiveCfg = Release|Any CPU
		{DB7B97B4-3075-4541-A821-1C6FF9AB8671}.Release|Any CPU.Build.0 = Release|Any CPU
		{E8130F3D-3346-4846-9122-2406EB4E31E4}.Debug|Any CPU.ActiveCfg = Debug|Any CPU
		{E8130F3D-3346-4846-9122-2406EB4E31E4}.Debug|Any CPU.Build.0 = Debug|Any CPU
		{E8130F3D-3346-4846-9122-2406EB4E31E4}.Release|Any CPU.ActiveCfg = Release|Any CPU
		{E8130F3D-3346-4846-9122-2406EB4E31E4}.Release|Any CPU.Build.0 = Release|Any CPU
		{5A4674DD-4BDB-4A75-B8A7-A69A0D928D5C}.Debug|Any CPU.ActiveCfg = Debug|Any CPU
		{5A4674DD-4BDB-4A75-B8A7-A69A0D928D5C}.Debug|Any CPU.Build.0 = Debug|Any CPU
		{5A4674DD-4BDB-4A75-B8A7-A69A0D928D5C}.Release|Any CPU.ActiveCfg = Release|Any CPU
		{5A4674DD-4BDB-4A75-B8A7-A69A0D928D5C}.Release|Any CPU.Build.0 = Release|Any CPU
		{F338519C-046F-4CEC-B2C1-85A78E5664C3}.Debug|Any CPU.ActiveCfg = Debug|Any CPU
		{F338519C-046F-4CEC-B2C1-85A78E5664C3}.Debug|Any CPU.Build.0 = Debug|Any CPU
		{F338519C-046F-4CEC-B2C1-85A78E5664C3}.Release|Any CPU.ActiveCfg = Release|Any CPU
		{F338519C-046F-4CEC-B2C1-85A78E5664C3}.Release|Any CPU.Build.0 = Release|Any CPU
		{76A81F9A-0CE8-47D7-8F34-47E8A3855A3F}.Debug|Any CPU.ActiveCfg = Debug|Any CPU
		{76A81F9A-0CE8-47D7-8F34-47E8A3855A3F}.Debug|Any CPU.Build.0 = Debug|Any CPU
		{76A81F9A-0CE8-47D7-8F34-47E8A3855A3F}.Release|Any CPU.ActiveCfg = Release|Any CPU
		{76A81F9A-0CE8-47D7-8F34-47E8A3855A3F}.Release|Any CPU.Build.0 = Release|Any CPU
		{BA286604-D333-4921-BCDB-6D6750CC5E28}.Debug|Any CPU.ActiveCfg = Debug|Any CPU
		{BA286604-D333-4921-BCDB-6D6750CC5E28}.Debug|Any CPU.Build.0 = Debug|Any CPU
		{BA286604-D333-4921-BCDB-6D6750CC5E28}.Release|Any CPU.ActiveCfg = Release|Any CPU
		{BA286604-D333-4921-BCDB-6D6750CC5E28}.Release|Any CPU.Build.0 = Release|Any CPU
		{9AC949BF-3F44-4B5B-B2B9-EAECFBC17BA8}.Debug|Any CPU.ActiveCfg = Debug|Any CPU
		{9AC949BF-3F44-4B5B-B2B9-EAECFBC17BA8}.Debug|Any CPU.Build.0 = Debug|Any CPU
		{9AC949BF-3F44-4B5B-B2B9-EAECFBC17BA8}.Release|Any CPU.ActiveCfg = Release|Any CPU
		{9AC949BF-3F44-4B5B-B2B9-EAECFBC17BA8}.Release|Any CPU.Build.0 = Release|Any CPU
		{D1B3BD78-279B-4178-9678-9ED48B83460F}.Debug|Any CPU.ActiveCfg = Debug|Any CPU
		{D1B3BD78-279B-4178-9678-9ED48B83460F}.Debug|Any CPU.Build.0 = Debug|Any CPU
		{D1B3BD78-279B-4178-9678-9ED48B83460F}.Release|Any CPU.ActiveCfg = Release|Any CPU
		{D1B3BD78-279B-4178-9678-9ED48B83460F}.Release|Any CPU.Build.0 = Release|Any CPU
	EndGlobalSection
	GlobalSection(SolutionProperties) = preSolution
		HideSolutionNode = FALSE
	EndGlobalSection
	GlobalSection(ExtensibilityGlobals) = postSolution
		SolutionGuid = {1085EF79-F555-4A59-B2A6-78E9B7CB98D5}
	EndGlobalSection
EndGlobal
