
Microsoft Visual Studio Solution File, Format Version 12.00
# Visual Studio Version 16
VisualStudioVersion = 16.0.29728.190
MinimumVisualStudioVersion = 15.0.26730.12
Project("{FAE04EC0-301F-11D3-BF4B-00C04F79EFBC}") = "NativeSender", "NativeSender\NativeSender.csproj", "{D5A03D11-4452-4A7C-92E8-4C7C4A0C686B}"
EndProject
Project("{FAE04EC0-301F-11D3-BF4B-00C04F79EFBC}") = "Receiver", "Receiver\Receiver.csproj", "{48F718EE-6C45-41BA-80EC-81BF34D4A623}"
EndProject
Global
	GlobalSection(SolutionConfigurationPlatforms) = preSolution
		Debug|Any CPU = Debug|Any CPU
	EndGlobalSection
	GlobalSection(ProjectConfigurationPlatforms) = postSolution
		{D5A03D11-4452-4A7C-92E8-4C7C4A0C686B}.Debug|Any CPU.ActiveCfg = Debug|Any CPU
		{D5A03D11-4452-4A7C-92E8-4C7C4A0C686B}.Debug|Any CPU.Build.0 = Debug|Any CPU
		{48F718EE-6C45-41BA-80EC-81BF34D4A623}.Debug|Any CPU.ActiveCfg = Debug|Any CPU
		{48F718EE-6C45-41BA-80EC-81BF34D4A623}.Debug|Any CPU.Build.0 = Debug|Any CPU
	EndGlobalSection
	GlobalSection(SolutionProperties) = preSolution
		HideSolutionNode = FALSE
	EndGlobalSection
EndGlobal
