Microsoft Visual Studio Solution File, Format Version 12.00
# Visual Studio 15
VisualStudioVersion = 15.0.26730.10
MinimumVisualStudioVersion = 15.0.26430.04
Project("{FAE04EC0-301F-11D3-BF4B-00C04F79EFBC}") = "Client.Core", "Client\Client.Core.csproj", "{476D0A88-E281-4BC8-9617-93E53C1F9FE6}"
EndProject
Project("{FAE04EC0-301F-11D3-BF4B-00C04F79EFBC}") = "Server.Core", "Server\Server.Core.csproj", "{75424F0A-458B-42DA-9DDD-600367893A93}"
EndProject
Project("{FAE04EC0-301F-11D3-BF4B-00C04F79EFBC}") = "Shared.Core", "Shared\Shared.Core.csproj", "{DD0DC12D-D6DF-47C0-B75A-AEC351164196}"
EndProject
Global
	GlobalSection(SolutionConfigurationPlatforms) = preSolution
		Debug|Any CPU = Debug|Any CPU
	EndGlobalSection
	GlobalSection(ProjectConfigurationPlatforms) = postSolution
		{476D0A88-E281-4BC8-9617-93E53C1F9FE6}.Debug|Any CPU.ActiveCfg = Debug|Any CPU
		{476D0A88-E281-4BC8-9617-93E53C1F9FE6}.Debug|Any CPU.Build.0 = Debug|Any CPU
		{75424F0A-458B-42DA-9DDD-600367893A93}.Debug|Any CPU.ActiveCfg = Debug|Any CPU
		{75424F0A-458B-42DA-9DDD-600367893A93}.Debug|Any CPU.Build.0 = Debug|Any CPU
		{DD0DC12D-D6DF-47C0-B75A-AEC351164196}.Debug|Any CPU.ActiveCfg = Debug|Any CPU
		{DD0DC12D-D6DF-47C0-B75A-AEC351164196}.Debug|Any CPU.Build.0 = Debug|Any CPU
	EndGlobalSection
	GlobalSection(SolutionProperties) = preSolution
		HideSolutionNode = FALSE
	EndGlobalSection
	GlobalSection(ExtensibilityGlobals) = postSolution
		SolutionGuid = {9FC8A922-FADC-447B-BA38-9F47C3FBB51C}
	EndGlobalSection
EndGlobal
