Microsoft Visual Studio Solution File, Format Version 12.00
# Visual Studio Version 16
VisualStudioVersion = 16.0.29728.190
MinimumVisualStudioVersion = 15.0.26730.12
Project("{9A19103F-16F7-4668-BE54-9A1E7A4F7556}") = "ABSDataBus_1", "ABSDataBus_1\ABSDataBus_1.csproj", "{C6EBF50F-A4A2-4162-8122-AF073A6D38FC}"
EndProject
Project("{FAE04EC0-301F-11D3-BF4B-00C04F79EFBC}") = "ABSDataBus_4", "ABSDataBus_4\ABSDataBus_4.csproj", "{51E743E8-1C55-474B-BB67-95EEC1DAF5C3}"
EndProject
Project("{FAE04EC0-301F-11D3-BF4B-00C04F79EFBC}") = "ABSDataBus_5", "ABSDataBus_5\ABSDataBus_5.csproj", "{66817CE6-6E57-4EC2-BF07-82FC0ED2FD0C}"
EndProject
Global
	GlobalSection(SolutionConfigurationPlatforms) = preSolution
		Debug|Any CPU = Debug|Any CPU
	EndGlobalSection
	GlobalSection(ProjectConfigurationPlatforms) = postSolution
		{C6EBF50F-A4A2-4162-8122-AF073A6D38FC}.Debug|Any CPU.ActiveCfg = Debug|Any CPU
		{C6EBF50F-A4A2-4162-8122-AF073A6D38FC}.Debug|Any CPU.Build.0 = Debug|Any CPU
		{51E743E8-1C55-474B-BB67-95EEC1DAF5C3}.Debug|Any CPU.ActiveCfg = Debug|Any CPU
		{51E743E8-1C55-474B-BB67-95EEC1DAF5C3}.Debug|Any CPU.Build.0 = Debug|Any CPU
		{66817CE6-6E57-4EC2-BF07-82FC0ED2FD0C}.Debug|Any CPU.ActiveCfg = Debug|Any CPU
		{66817CE6-6E57-4EC2-BF07-82FC0ED2FD0C}.Debug|Any CPU.Build.0 = Debug|Any CPU
	EndGlobalSection
	GlobalSection(SolutionProperties) = preSolution
		HideSolutionNode = FALSE
	EndGlobalSection
	GlobalSection(ExtensibilityGlobals) = postSolution
		SolutionGuid = {55806490-1464-48CB-9900-25B8F5693808}
	EndGlobalSection
EndGlobal
