
Microsoft Visual Studio Solution File, Format Version 12.00
# Visual Studio Version 16
VisualStudioVersion = 16.0.29728.190
MinimumVisualStudioVersion = 15.0.26730.12
Project("{9A19103F-16F7-4668-BE54-9A1E7A4F7556}") = "AwsLambda.SQSTrigger", "AwsLambda.SQSTrigger\AwsLambda.SQSTrigger.csproj", "{D9FB3A23-D74F-4754-9A22-ACF829EEEB70}"
EndProject
Project("{9A19103F-16F7-4668-BE54-9A1E7A4F7556}") = "AwsLambda.Sender", "AwsLambda.Sender\AwsLambda.Sender.csproj", "{06754C55-CA74-4F17-9472-244B8A3FEB1E}"
EndProject
Project("{9A19103F-16F7-4668-BE54-9A1E7A4F7556}") = "AwsLambda.Messages", "AwsLambda.Messages\AwsLambda.Messages.csproj", "{1BEFE981-8E75-4152-B6E3-8D488AE8530F}"
EndProject
Global
	GlobalSection(SolutionConfigurationPlatforms) = preSolution
		Debug|Any CPU = Debug|Any CPU
		Debug|x64 = Debug|x64
		Debug|x86 = Debug|x86
	EndGlobalSection
	GlobalSection(ProjectConfigurationPlatforms) = postSolution
		{D9FB3A23-D74F-4754-9A22-ACF829EEEB70}.Debug|Any CPU.ActiveCfg = Debug|Any CPU
		{D9FB3A23-D74F-4754-9A22-ACF829EEEB70}.Debug|Any CPU.Build.0 = Debug|Any CPU
		{D9FB3A23-D74F-4754-9A22-ACF829EEEB70}.Debug|x64.ActiveCfg = Debug|Any CPU
		{D9FB3A23-D74F-4754-9A22-ACF829EEEB70}.Debug|x64.Build.0 = Debug|Any CPU
		{D9FB3A23-D74F-4754-9A22-ACF829EEEB70}.Debug|x86.ActiveCfg = Debug|Any CPU
		{D9FB3A23-D74F-4754-9A22-ACF829EEEB70}.Debug|x86.Build.0 = Debug|Any CPU
		{06754C55-CA74-4F17-9472-244B8A3FEB1E}.Debug|Any CPU.ActiveCfg = Debug|Any CPU
		{06754C55-CA74-4F17-9472-244B8A3FEB1E}.Debug|Any CPU.Build.0 = Debug|Any CPU
		{06754C55-CA74-4F17-9472-244B8A3FEB1E}.Debug|x64.ActiveCfg = Debug|Any CPU
		{06754C55-CA74-4F17-9472-244B8A3FEB1E}.Debug|x64.Build.0 = Debug|Any CPU
		{06754C55-CA74-4F17-9472-244B8A3FEB1E}.Debug|x86.ActiveCfg = Debug|Any CPU
		{06754C55-CA74-4F17-9472-244B8A3FEB1E}.Debug|x86.Build.0 = Debug|Any CPU
		{1BEFE981-8E75-4152-B6E3-8D488AE8530F}.Debug|Any CPU.ActiveCfg = Debug|Any CPU
		{1BEFE981-8E75-4152-B6E3-8D488AE8530F}.Debug|Any CPU.Build.0 = Debug|Any CPU
		{1BEFE981-8E75-4152-B6E3-8D488AE8530F}.Debug|x64.ActiveCfg = Debug|Any CPU
		{1BEFE981-8E75-4152-B6E3-8D488AE8530F}.Debug|x64.Build.0 = Debug|Any CPU
		{1BEFE981-8E75-4152-B6E3-8D488AE8530F}.Debug|x86.ActiveCfg = Debug|Any CPU
		{1BEFE981-8E75-4152-B6E3-8D488AE8530F}.Debug|x86.Build.0 = Debug|Any CPU
	EndGlobalSection
	GlobalSection(SolutionProperties) = preSolution
		HideSolutionNode = FALSE
	EndGlobalSection
	GlobalSection(ExtensibilityGlobals) = postSolution
		SolutionGuid = {6C66C18C-5075-4811-AF40-2997E8863F3B}
	EndGlobalSection
EndGlobal
