<Solution>
    <Folder Name="/sample/">
        <Project Path="Shipping\Shipping.csproj"/>
        <Project Path="Orders\Orders.csproj"/>
        <Project Path="Shared\Shared.csproj"/>
    </Folder>
    <Folder Name="/Solution Items/">
        <File Path="docker-compose.yml"/>
    </Folder>
</Solution>
