
Microsoft Visual Studio Solution File, Format Version 12.00
# Visual Studio 2013
VisualStudioVersion = 12.0.31101.0
MinimumVisualStudioVersion = 10.0.40219.1
Project("{2150E333-8FDC-42A3-9474-1A3956D46DE8}") = "Version_4", "Version_4", "{9FBB2BB8-219B-44AF-B94E-38AD78F81F03}"
EndProject
Project("{2150E333-8FDC-42A3-9474-1A3956D46DE8}") = "Version_5", "Version_5", "{FA4F0FDA-78FB-46CA-AC97-21A276653CDA}"
EndProject
Project("{2150E333-8FDC-42A3-9474-1A3956D46DE8}") = "Version_3", "Version_3", "{C4FB75A3-B062-47A8-9CCD-BEE9F17FEA4E}"
EndProject
Project("{FAE04EC0-301F-11D3-BF4B-00C04F79EFBC}") = "Sample", "Version_3_3\Sample.csproj", "{A67E6715-A919-41A3-B3D2-59BF838F6C33}"
EndProject
Project("{FAE04EC0-301F-11D3-BF4B-00C04F79EFBC}") = "Sample", "Version_4\Sample.csproj", "{BBF4F574-716B-41AB-9FDA-220F0F1D8D49}"
EndProject
Project("{FAE04EC0-301F-11D3-BF4B-00C04F79EFBC}") = "Sample", "Version_5\Sample.csproj", "{C48971B0-5E5D-48D5-9F6F-170502B9A7F2}"
EndProject
Global
	GlobalSection(SolutionConfigurationPlatforms) = preSolution
		Debug|Any CPU = Debug|Any CPU
		Release|Any CPU = Release|Any CPU
	EndGlobalSection
	GlobalSection(ProjectConfigurationPlatforms) = postSolution
		{A67E6715-A919-41A3-B3D2-59BF838F6C33}.Debug|Any CPU.ActiveCfg = Debug|Any CPU
		{A67E6715-A919-41A3-B3D2-59BF838F6C33}.Debug|Any CPU.Build.0 = Debug|Any CPU
		{A67E6715-A919-41A3-B3D2-59BF838F6C33}.Release|Any CPU.ActiveCfg = Release|Any CPU
		{A67E6715-A919-41A3-B3D2-59BF838F6C33}.Release|Any CPU.Build.0 = Release|Any CPU
		{BBF4F574-716B-41AB-9FDA-220F0F1D8D49}.Debug|Any CPU.ActiveCfg = Debug|Any CPU
		{BBF4F574-716B-41AB-9FDA-220F0F1D8D49}.Debug|Any CPU.Build.0 = Debug|Any CPU
		{BBF4F574-716B-41AB-9FDA-220F0F1D8D49}.Release|Any CPU.ActiveCfg = Release|Any CPU
		{BBF4F574-716B-41AB-9FDA-220F0F1D8D49}.Release|Any CPU.Build.0 = Release|Any CPU
		{C48971B0-5E5D-48D5-9F6F-170502B9A7F2}.Debug|Any CPU.ActiveCfg = Debug|Any CPU
		{C48971B0-5E5D-48D5-9F6F-170502B9A7F2}.Debug|Any CPU.Build.0 = Debug|Any CPU
		{C48971B0-5E5D-48D5-9F6F-170502B9A7F2}.Release|Any CPU.ActiveCfg = Release|Any CPU
		{C48971B0-5E5D-48D5-9F6F-170502B9A7F2}.Release|Any CPU.Build.0 = Release|Any CPU
	EndGlobalSection
	GlobalSection(SolutionProperties) = preSolution
		HideSolutionNode = FALSE
	EndGlobalSection
	GlobalSection(NestedProjects) = preSolution
		{A67E6715-A919-41A3-B3D2-59BF838F6C33} = {C4FB75A3-B062-47A8-9CCD-BEE9F17FEA4E}
		{BBF4F574-716B-41AB-9FDA-220F0F1D8D49} = {9FBB2BB8-219B-44AF-B94E-38AD78F81F03}
		{C48971B0-5E5D-48D5-9F6F-170502B9A7F2} = {FA4F0FDA-78FB-46CA-AC97-21A276653CDA}
	EndGlobalSection
EndGlobal
