Microsoft Visual Studio Solution File, Format Version 12.00
# Visual Studio Version 17
VisualStudioVersion = 17.0.31903.59
MinimumVisualStudioVersion = 10.0.40219.1
Project("{9A19103F-16F7-4668-BE54-9A1E7A4F7556}") = "Shared", "Shared\Shared.csproj", "{A1B2C3D4-E5F6-789A-BCDE-F0123456789A}"
EndProject
Project("{9A19103F-16F7-4668-BE54-9A1E7A4F7556}") = "WithDelayedRetries", "WithDelayedRetries\WithDelayedRetries.csproj", "{B2C3D4E5-F6A7-89BC-DEF0-123456789ABC}"
EndProject
Project("{9A19103F-16F7-4668-BE54-9A1E7A4F7556}") = "WithoutDelayedRetries", "WithoutDelayedRetries\WithoutDelayedRetries.csproj", "{C3D4E5F6-A789-BCDE-F012-3456789ABCDE}"
EndProject
Project("{9A19103F-16F7-4668-BE54-9A1E7A4F7556}") = "PlatformLauncher", "PlatformLauncher\PlatformLauncher.csproj", "{D4E5F6A7-89BC-DEF0-1234-56789ABCDEF0}"
EndProject
Global
	GlobalSection(SolutionConfigurationPlatforms) = preSolution
		Debug|Any CPU = Debug|Any CPU
		Release|Any CPU = Release|Any CPU
	EndGlobalSection
	GlobalSection(ProjectConfigurationPlatforms) = postSolution
		{A1B2C3D4-E5F6-789A-BCDE-F0123456789A}.Debug|Any CPU.ActiveCfg = Debug|Any CPU
		{A1B2C3D4-E5F6-789A-BCDE-F0123456789A}.Debug|Any CPU.Build.0 = Debug|Any CPU
		{A1B2C3D4-E5F6-789A-BCDE-F0123456789A}.Release|Any CPU.ActiveCfg = Release|Any CPU
		{A1B2C3D4-E5F6-789A-BCDE-F0123456789A}.Release|Any CPU.Build.0 = Release|Any CPU
		{B2C3D4E5-F6A7-89BC-DEF0-123456789ABC}.Debug|Any CPU.ActiveCfg = Debug|Any CPU
		{B2C3D4E5-F6A7-89BC-DEF0-123456789ABC}.Debug|Any CPU.Build.0 = Debug|Any CPU
		{B2C3D4E5-F6A7-89BC-DEF0-123456789ABC}.Release|Any CPU.ActiveCfg = Release|Any CPU
		{B2C3D4E5-F6A7-89BC-DEF0-123456789ABC}.Release|Any CPU.Build.0 = Release|Any CPU
		{C3D4E5F6-A789-BCDE-F012-3456789ABCDE}.Debug|Any CPU.ActiveCfg = Debug|Any CPU
		{C3D4E5F6-A789-BCDE-F012-3456789ABCDE}.Debug|Any CPU.Build.0 = Debug|Any CPU
		{C3D4E5F6-A789-BCDE-F012-3456789ABCDE}.Release|Any CPU.ActiveCfg = Release|Any CPU
		{C3D4E5F6-A789-BCDE-F012-3456789ABCDE}.Release|Any CPU.Build.0 = Release|Any CPU
		{D4E5F6A7-89BC-DEF0-1234-56789ABCDEF0}.Debug|Any CPU.ActiveCfg = Debug|Any CPU
		{D4E5F6A7-89BC-DEF0-1234-56789ABCDEF0}.Debug|Any CPU.Build.0 = Debug|Any CPU
		{D4E5F6A7-89BC-DEF0-1234-56789ABCDEF0}.Release|Any CPU.ActiveCfg = Release|Any CPU
		{D4E5F6A7-89BC-DEF0-1234-56789ABCDEF0}.Release|Any CPU.Build.0 = Release|Any CPU
	EndGlobalSection
	GlobalSection(SolutionProperties) = preSolution
		HideSolutionNode = FALSE
	EndGlobalSection
EndGlobal
